
Terraform used the selected providers to generate the following execution
plan. Resource actions are indicated with the following symbols:
  [32m+[0m create[0m

Terraform will perform the following actions:

[1m  # docker_container.client[0m will be created
[0m  [32m+[0m[0m resource "docker_container" "client" {
      [32m+[0m[0m attach           = false
      [32m+[0m[0m bridge           = (known after apply)
      [32m+[0m[0m command          = [
          [32m+[0m[0m "sleep",
          [32m+[0m[0m "infinity",
        ]
      [32m+[0m[0m container_logs   = (known after apply)
      [32m+[0m[0m dns              = (known after apply)
      [32m+[0m[0m dns_opts         = (known after apply)
      [32m+[0m[0m entrypoint       = (known after apply)
      [32m+[0m[0m exit_code        = (known after apply)
      [32m+[0m[0m gateway          = (known after apply)
      [32m+[0m[0m hostname         = (known after apply)
      [32m+[0m[0m id               = (known after apply)
      [32m+[0m[0m image            = "curlimages/curl:latest"
      [32m+[0m[0m ip_address       = (known after apply)
      [32m+[0m[0m ip_prefix_length = (known after apply)
      [32m+[0m[0m ipc_mode         = (known after apply)
      [32m+[0m[0m log_driver       = (known after apply)
      [32m+[0m[0m log_opts         = (known after apply)
      [32m+[0m[0m logs             = false
      [32m+[0m[0m must_run         = true
      [32m+[0m[0m name             = "client"
      [32m+[0m[0m network_data     = (known after apply)
      [32m+[0m[0m read_only        = false
      [32m+[0m[0m restart          = "no"
      [32m+[0m[0m rm               = false
      [32m+[0m[0m shm_size         = (known after apply)
      [32m+[0m[0m start            = true
      [32m+[0m[0m user             = (known after apply)
      [32m+[0m[0m working_dir      = (known after apply)

      [32m+[0m[0m networks_advanced {
          [32m+[0m[0m aliases      = []
          [32m+[0m[0m ipv4_address = "172.28.0.20"
          [32m+[0m[0m name         = "lab3b_net"
            [90m# (1 unchanged attribute hidden)[0m[0m
        }
    }

[1m  # docker_container.haproxy[0m will be created
[0m  [32m+[0m[0m resource "docker_container" "haproxy" {
      [32m+[0m[0m attach           = false
      [32m+[0m[0m bridge           = (known after apply)
      [32m+[0m[0m command          = (known after apply)
      [32m+[0m[0m container_logs   = (known after apply)
      [32m+[0m[0m dns              = (known after apply)
      [32m+[0m[0m dns_opts         = (known after apply)
      [32m+[0m[0m entrypoint       = (known after apply)
      [32m+[0m[0m exit_code        = (known after apply)
      [32m+[0m[0m gateway          = (known after apply)
      [32m+[0m[0m hostname         = (known after apply)
      [32m+[0m[0m id               = (known after apply)
      [32m+[0m[0m image            = "haproxy:latest"
      [32m+[0m[0m ip_address       = (known after apply)
      [32m+[0m[0m ip_prefix_length = (known after apply)
      [32m+[0m[0m ipc_mode         = (known after apply)
      [32m+[0m[0m log_driver       = (known after apply)
      [32m+[0m[0m log_opts         = (known after apply)
      [32m+[0m[0m logs             = false
      [32m+[0m[0m must_run         = true
      [32m+[0m[0m name             = "haproxy"
      [32m+[0m[0m network_data     = (known after apply)
      [32m+[0m[0m read_only        = false
      [32m+[0m[0m restart          = "no"
      [32m+[0m[0m rm               = false
      [32m+[0m[0m shm_size         = (known after apply)
      [32m+[0m[0m start            = true
      [32m+[0m[0m user             = (known after apply)
      [32m+[0m[0m working_dir      = (known after apply)

      [32m+[0m[0m networks_advanced {
          [32m+[0m[0m aliases      = []
          [32m+[0m[0m ipv4_address = "172.28.0.10"
          [32m+[0m[0m name         = "lab3b_net"
            [90m# (1 unchanged attribute hidden)[0m[0m
        }

      [32m+[0m[0m ports {
          [32m+[0m[0m external = 8080
          [32m+[0m[0m internal = 80
          [32m+[0m[0m ip       = "0.0.0.0"
          [32m+[0m[0m protocol = "tcp"
        }

      [32m+[0m[0m volumes {
          [32m+[0m[0m container_path = "/usr/local/etc/haproxy/haproxy.cfg"
          [32m+[0m[0m host_path      = "/home/jbras/network-virtualization/scripts/terraform/haproxy.cfg"
            [90m# (2 unchanged attributes hidden)[0m[0m
        }
    }

[1m  # docker_container.web1[0m will be created
[0m  [32m+[0m[0m resource "docker_container" "web1" {
      [32m+[0m[0m attach           = false
      [32m+[0m[0m bridge           = (known after apply)
      [32m+[0m[0m command          = (known after apply)
      [32m+[0m[0m container_logs   = (known after apply)
      [32m+[0m[0m dns              = (known after apply)
      [32m+[0m[0m dns_opts         = (known after apply)
      [32m+[0m[0m entrypoint       = (known after apply)
      [32m+[0m[0m exit_code        = (known after apply)
      [32m+[0m[0m gateway          = (known after apply)
      [32m+[0m[0m hostname         = (known after apply)
      [32m+[0m[0m id               = (known after apply)
      [32m+[0m[0m image            = "nginxdemos/hello:latest"
      [32m+[0m[0m ip_address       = (known after apply)
      [32m+[0m[0m ip_prefix_length = (known after apply)
      [32m+[0m[0m ipc_mode         = (known after apply)
      [32m+[0m[0m log_driver       = (known after apply)
      [32m+[0m[0m log_opts         = (known after apply)
      [32m+[0m[0m logs             = false
      [32m+[0m[0m must_run         = true
      [32m+[0m[0m name             = "web1"
      [32m+[0m[0m network_data     = (known after apply)
      [32m+[0m[0m read_only        = false
      [32m+[0m[0m restart          = "no"
      [32m+[0m[0m rm               = false
      [32m+[0m[0m shm_size         = (known after apply)
      [32m+[0m[0m start            = true
      [32m+[0m[0m user             = (known after apply)
      [32m+[0m[0m working_dir      = (known after apply)

      [32m+[0m[0m networks_advanced {
          [32m+[0m[0m aliases      = []
          [32m+[0m[0m ipv4_address = "172.28.0.11"
          [32m+[0m[0m name         = "lab3b_net"
            [90m# (1 unchanged attribute hidden)[0m[0m
        }
    }

[1m  # docker_container.web2[0m will be created
[0m  [32m+[0m[0m resource "docker_container" "web2" {
      [32m+[0m[0m attach           = false
      [32m+[0m[0m bridge           = (known after apply)
      [32m+[0m[0m command          = (known after apply)
      [32m+[0m[0m container_logs   = (known after apply)
      [32m+[0m[0m dns              = (known after apply)
      [32m+[0m[0m dns_opts         = (known after apply)
      [32m+[0m[0m entrypoint       = (known after apply)
      [32m+[0m[0m exit_code        = (known after apply)
      [32m+[0m[0m gateway          = (known after apply)
      [32m+[0m[0m hostname         = (known after apply)
      [32m+[0m[0m id               = (known after apply)
      [32m+[0m[0m image            = "nginxdemos/hello:latest"
      [32m+[0m[0m ip_address       = (known after apply)
      [32m+[0m[0m ip_prefix_length = (known after apply)
      [32m+[0m[0m ipc_mode         = (known after apply)
      [32m+[0m[0m log_driver       = (known after apply)
      [32m+[0m[0m log_opts         = (known after apply)
      [32m+[0m[0m logs             = false
      [32m+[0m[0m must_run         = true
      [32m+[0m[0m name             = "web2"
      [32m+[0m[0m network_data     = (known after apply)
      [32m+[0m[0m read_only        = false
      [32m+[0m[0m restart          = "no"
      [32m+[0m[0m rm               = false
      [32m+[0m[0m shm_size         = (known after apply)
      [32m+[0m[0m start            = true
      [32m+[0m[0m user             = (known after apply)
      [32m+[0m[0m working_dir      = (known after apply)

      [32m+[0m[0m networks_advanced {
          [32m+[0m[0m aliases      = []
          [32m+[0m[0m ipv4_address = "172.28.0.12"
          [32m+[0m[0m name         = "lab3b_net"
            [90m# (1 unchanged attribute hidden)[0m[0m
        }
    }

[1m  # docker_container.web3[0m will be created
[0m  [32m+[0m[0m resource "docker_container" "web3" {
      [32m+[0m[0m attach           = false
      [32m+[0m[0m bridge           = (known after apply)
      [32m+[0m[0m command          = (known after apply)
      [32m+[0m[0m container_logs   = (known after apply)
      [32m+[0m[0m dns              = (known after apply)
      [32m+[0m[0m dns_opts         = (known after apply)
      [32m+[0m[0m entrypoint       = (known after apply)
      [32m+[0m[0m exit_code        = (known after apply)
      [32m+[0m[0m gateway          = (known after apply)
      [32m+[0m[0m hostname         = (known after apply)
      [32m+[0m[0m id               = (known after apply)
      [32m+[0m[0m image            = "nginxdemos/hello:latest"
      [32m+[0m[0m ip_address       = (known after apply)
      [32m+[0m[0m ip_prefix_length = (known after apply)
      [32m+[0m[0m ipc_mode         = (known after apply)
      [32m+[0m[0m log_driver       = (known after apply)
      [32m+[0m[0m log_opts         = (known after apply)
      [32m+[0m[0m logs             = false
      [32m+[0m[0m must_run         = true
      [32m+[0m[0m name             = "web3"
      [32m+[0m[0m network_data     = (known after apply)
      [32m+[0m[0m read_only        = false
      [32m+[0m[0m restart          = "no"
      [32m+[0m[0m rm               = false
      [32m+[0m[0m shm_size         = (known after apply)
      [32m+[0m[0m start            = true
      [32m+[0m[0m user             = (known after apply)
      [32m+[0m[0m working_dir      = (known after apply)

      [32m+[0m[0m networks_advanced {
          [32m+[0m[0m aliases      = []
          [32m+[0m[0m ipv4_address = "172.18.0.13"
          [32m+[0m[0m name         = "lab3b_net"
            [90m# (1 unchanged attribute hidden)[0m[0m
        }
    }

[1m  # docker_image.curl[0m will be created
[0m  [32m+[0m[0m resource "docker_image" "curl" {
      [32m+[0m[0m id     = (known after apply)
      [32m+[0m[0m latest = (known after apply)
      [32m+[0m[0m name   = "curlimages/curl:latest"
    }

[1m  # docker_image.haproxy_img[0m will be created
[0m  [32m+[0m[0m resource "docker_image" "haproxy_img" {
      [32m+[0m[0m id     = (known after apply)
      [32m+[0m[0m latest = (known after apply)
      [32m+[0m[0m name   = "haproxy:latest"
    }

[1m  # docker_image.web_img[0m will be created
[0m  [32m+[0m[0m resource "docker_image" "web_img" {
      [32m+[0m[0m id     = (known after apply)
      [32m+[0m[0m latest = (known after apply)
      [32m+[0m[0m name   = "nginxdemos/hello:latest"
    }

[1m  # docker_network.labnet[0m will be created
[0m  [32m+[0m[0m resource "docker_network" "labnet" {
      [32m+[0m[0m driver      = "bridge"
      [32m+[0m[0m id          = (known after apply)
      [32m+[0m[0m internal    = (known after apply)
      [32m+[0m[0m ipam_driver = "default"
      [32m+[0m[0m name        = "lab3b_net"
      [32m+[0m[0m options     = (known after apply)
      [32m+[0m[0m scope       = (known after apply)

      [32m+[0m[0m ipam_config {
          [32m+[0m[0m gateway  = "172.28.0.1"
          [32m+[0m[0m subnet   = "172.28.0.0/16"
            [90m# (1 unchanged attribute hidden)[0m[0m
        }
    }

[1mPlan:[0m 9 to add, 0 to change, 0 to destroy.
[0m[0m[1mdocker_image.web_img: Creating...[0m[0m
[0m[1mdocker_image.haproxy_img: Creating...[0m[0m
[0m[1mdocker_image.curl: Creating...[0m[0m
[0m[1mdocker_network.labnet: Creating...[0m[0m
[0m[1mdocker_network.labnet: Creation complete after 2s [id=e3afc5d275f819d3714eb13de35936210d687fc80884e4b397ff4564baa02811][0m
[0m[1mdocker_image.curl: Creation complete after 3s [id=sha256:e74447e85ef07be8a848a1fb448615df75fa7ca57f6171663fedcac2fe818044curlimages/curl:latest][0m
[0m[1mdocker_container.client: Creating...[0m[0m
[0m[1mdocker_container.client: Creation complete after 1s [id=39c8fb64386241fe4c4e41342ce31e56151248ccbcf9aded0d08c4c6b2730ae9][0m
[0m[1mdocker_image.web_img: Creation complete after 5s [id=sha256:cf49c37eb33018fd1660a652da67dcdbdf55996ae3c22bb80cd733dbf8ded8c6nginxdemos/hello:latest][0m
[0m[1mdocker_container.web2: Creating...[0m[0m
[0m[1mdocker_container.web3: Creating...[0m[0m
[0m[1mdocker_container.web1: Creating...[0m[0m
[0m[1mdocker_container.web2: Creation complete after 0s [id=700c7ab0ba5eee2d43da83e1b1a4ada2d5e6b86802b85ea200b36bfe888e7b83][0m
[0m[1mdocker_container.web1: Creation complete after 0s [id=f2b390e98b619f10299d89403f4c3c54b512467f3a7faa6ca3ea5496503702b1][0m
[0m[1mdocker_image.haproxy_img: Still creating... [10s elapsed][0m[0m
[0m[1mdocker_image.haproxy_img: Creation complete after 12s [id=sha256:73c9a6a2e39bb5c805fc9d527f58e5e82f5f51fd44177a04f1f6c540bb976591haproxy:latest][0m
[0m[1mdocker_container.haproxy: Creating...[0m[0m
[0m[1mdocker_container.haproxy: Creation complete after 1s [id=58fc19a5f077ee49b9877fc42644622fe422945f80e4fdb401c362fafa66d057][0m
