{
  "version": 4,
  "terraform_version": "1.11.3",
  "serial": 69,
  "lineage": "ba830988-dab4-992a-50b3-a44c68d1d10e",
  "outputs": {},
  "resources": [
    {
      "mode": "managed",
      "type": "docker_container",
      "name": "client",
      "provider": "provider[\"registry.terraform.io/terraform-providers/docker\"]",
      "instances": [
        {
          "schema_version": 2,
          "attributes": {
            "attach": false,
            "bridge": "",
            "capabilities": [],
            "command": [
              "sleep",
              "infinity"
            ],
            "container_logs": null,
            "cpu_set": "",
            "cpu_shares": 0,
            "destroy_grace_seconds": null,
            "devices": [],
            "dns": [],
            "dns_opts": [],
            "dns_search": null,
            "domainname": "",
            "entrypoint": [
              "/entrypoint.sh"
            ],
            "env": null,
            "exit_code": null,
            "gateway": "172.28.0.1",
            "group_add": null,
            "healthcheck": [],
            "host": [],
            "hostname": "39c8fb643862",
            "id": "39c8fb64386241fe4c4e41342ce31e56151248ccbcf9aded0d08c4c6b2730ae9",
            "image": "sha256:e74447e85ef07be8a848a1fb448615df75fa7ca57f6171663fedcac2fe818044",
            "ip_address": "172.28.0.20",
            "ip_prefix_length": 16,
            "ipc_mode": "private",
            "labels": [],
            "links": null,
            "log_driver": "json-file",
            "log_opts": {},
            "logs": false,
            "max_retry_count": 0,
            "memory": 0,
            "memory_swap": 0,
            "mounts": [],
            "must_run": true,
            "name": "client",
            "network_alias": null,
            "network_data": [
              {
                "gateway": "172.28.0.1",
                "ip_address": "172.28.0.20",
                "ip_prefix_length": 16,
                "network_name": "lab3b_net"
              }
            ],
            "network_mode": "bridge",
            "networks": null,
            "networks_advanced": [
              {
                "aliases": [],
                "ipv4_address": "172.28.0.20",
                "ipv6_address": "",
                "name": "lab3b_net"
              }
            ],
            "pid_mode": "",
            "ports": [],
            "privileged": false,
            "publish_all_ports": false,
            "read_only": false,
            "restart": "no",
            "rm": false,
            "shm_size": 64,
            "start": true,
            "sysctls": null,
            "tmpfs": null,
            "ulimit": [],
            "upload": [],
            "user": "curl_user",
            "userns_mode": "",
            "volumes": [],
            "working_dir": "/home/curl_user"
          },
          "sensitive_attributes": [],
          "private": "eyJzY2hlbWFfdmVyc2lvbiI6IjIifQ==",
          "dependencies": [
            "docker_image.curl",
            "docker_network.labnet"
          ]
        }
      ]
    },
    {
      "mode": "managed",
      "type": "docker_container",
      "name": "haproxy",
      "provider": "provider[\"registry.terraform.io/terraform-providers/docker\"]",
      "instances": [
        {
          "schema_version": 2,
          "attributes": {
            "attach": false,
            "bridge": "",
            "capabilities": [],
            "command": [
              "haproxy",
              "-f",
              "/usr/local/etc/haproxy/haproxy.cfg"
            ],
            "container_logs": null,
            "cpu_set": "",
            "cpu_shares": 0,
            "destroy_grace_seconds": null,
            "devices": [],
            "dns": [],
            "dns_opts": [],
            "dns_search": null,
            "domainname": "",
            "entrypoint": [
              "docker-entrypoint.sh"
            ],
            "env": null,
            "exit_code": null,
            "gateway": "172.28.0.1",
            "group_add": null,
            "healthcheck": [],
            "host": [],
            "hostname": "58fc19a5f077",
            "id": "58fc19a5f077ee49b9877fc42644622fe422945f80e4fdb401c362fafa66d057",
            "image": "sha256:73c9a6a2e39bb5c805fc9d527f58e5e82f5f51fd44177a04f1f6c540bb976591",
            "ip_address": "172.28.0.10",
            "ip_prefix_length": 16,
            "ipc_mode": "private",
            "labels": [],
            "links": null,
            "log_driver": "json-file",
            "log_opts": {},
            "logs": false,
            "max_retry_count": 0,
            "memory": 0,
            "memory_swap": 0,
            "mounts": [],
            "must_run": true,
            "name": "haproxy",
            "network_alias": null,
            "network_data": [
              {
                "gateway": "172.28.0.1",
                "ip_address": "172.28.0.10",
                "ip_prefix_length": 16,
                "network_name": "lab3b_net"
              }
            ],
            "network_mode": "bridge",
            "networks": null,
            "networks_advanced": [
              {
                "aliases": [],
                "ipv4_address": "172.28.0.10",
                "ipv6_address": "",
                "name": "lab3b_net"
              }
            ],
            "pid_mode": "",
            "ports": [
              {
                "external": 8080,
                "internal": 80,
                "ip": "0.0.0.0",
                "protocol": "tcp"
              }
            ],
            "privileged": false,
            "publish_all_ports": false,
            "read_only": false,
            "restart": "no",
            "rm": false,
            "shm_size": 64,
            "start": true,
            "sysctls": null,
            "tmpfs": null,
            "ulimit": [],
            "upload": [],
            "user": "haproxy",
            "userns_mode": "",
            "volumes": [
              {
                "container_path": "/usr/local/etc/haproxy/haproxy.cfg",
                "from_container": "",
                "host_path": "/home/jbras/network-virtualization/scripts/terraform/haproxy.cfg",
                "read_only": null,
                "volume_name": ""
              }
            ],
            "working_dir": "/var/lib/haproxy"
          },
          "sensitive_attributes": [],
          "private": "eyJzY2hlbWFfdmVyc2lvbiI6IjIifQ==",
          "dependencies": [
            "docker_image.haproxy_img",
            "docker_network.labnet"
          ]
        }
      ]
    },
    {
      "mode": "managed",
      "type": "docker_container",
      "name": "web1",
      "provider": "provider[\"registry.terraform.io/terraform-providers/docker\"]",
      "instances": [
        {
          "schema_version": 2,
          "attributes": {
            "attach": false,
            "bridge": "",
            "capabilities": [],
            "command": [
              "nginx",
              "-g",
              "daemon off;"
            ],
            "container_logs": null,
            "cpu_set": "",
            "cpu_shares": 0,
            "destroy_grace_seconds": null,
            "devices": [],
            "dns": [],
            "dns_opts": [],
            "dns_search": null,
            "domainname": "",
            "entrypoint": [
              "/docker-entrypoint.sh"
            ],
            "env": null,
            "exit_code": null,
            "gateway": "172.28.0.1",
            "group_add": null,
            "healthcheck": [],
            "host": [],
            "hostname": "f2b390e98b61",
            "id": "f2b390e98b619f10299d89403f4c3c54b512467f3a7faa6ca3ea5496503702b1",
            "image": "sha256:cf49c37eb33018fd1660a652da67dcdbdf55996ae3c22bb80cd733dbf8ded8c6",
            "ip_address": "172.28.0.11",
            "ip_prefix_length": 16,
            "ipc_mode": "private",
            "labels": [],
            "links": null,
            "log_driver": "json-file",
            "log_opts": {},
            "logs": false,
            "max_retry_count": 0,
            "memory": 0,
            "memory_swap": 0,
            "mounts": [],
            "must_run": true,
            "name": "web1",
            "network_alias": null,
            "network_data": [
              {
                "gateway": "172.28.0.1",
                "ip_address": "172.28.0.11",
                "ip_prefix_length": 16,
                "network_name": "lab3b_net"
              }
            ],
            "network_mode": "bridge",
            "networks": null,
            "networks_advanced": [
              {
                "aliases": [],
                "ipv4_address": "172.28.0.11",
                "ipv6_address": "",
                "name": "lab3b_net"
              }
            ],
            "pid_mode": "",
            "ports": [],
            "privileged": false,
            "publish_all_ports": false,
            "read_only": false,
            "restart": "no",
            "rm": false,
            "shm_size": 64,
            "start": true,
            "sysctls": null,
            "tmpfs": null,
            "ulimit": [],
            "upload": [],
            "user": "",
            "userns_mode": "",
            "volumes": [],
            "working_dir": "/"
          },
          "sensitive_attributes": [],
          "private": "eyJzY2hlbWFfdmVyc2lvbiI6IjIifQ==",
          "dependencies": [
            "docker_image.web_img",
            "docker_network.labnet"
          ]
        }
      ]
    },
    {
      "mode": "managed",
      "type": "docker_container",
      "name": "web2",
      "provider": "provider[\"registry.terraform.io/terraform-providers/docker\"]",
      "instances": [
        {
          "schema_version": 2,
          "attributes": {
            "attach": false,
            "bridge": "",
            "capabilities": [],
            "command": [
              "nginx",
              "-g",
              "daemon off;"
            ],
            "container_logs": null,
            "cpu_set": "",
            "cpu_shares": 0,
            "destroy_grace_seconds": null,
            "devices": [],
            "dns": [],
            "dns_opts": [],
            "dns_search": null,
            "domainname": "",
            "entrypoint": [
              "/docker-entrypoint.sh"
            ],
            "env": null,
            "exit_code": null,
            "gateway": "172.28.0.1",
            "group_add": null,
            "healthcheck": [],
            "host": [],
            "hostname": "700c7ab0ba5e",
            "id": "700c7ab0ba5eee2d43da83e1b1a4ada2d5e6b86802b85ea200b36bfe888e7b83",
            "image": "sha256:cf49c37eb33018fd1660a652da67dcdbdf55996ae3c22bb80cd733dbf8ded8c6",
            "ip_address": "172.28.0.12",
            "ip_prefix_length": 16,
            "ipc_mode": "private",
            "labels": [],
            "links": null,
            "log_driver": "json-file",
            "log_opts": {},
            "logs": false,
            "max_retry_count": 0,
            "memory": 0,
            "memory_swap": 0,
            "mounts": [],
            "must_run": true,
            "name": "web2",
            "network_alias": null,
            "network_data": [
              {
                "gateway": "172.28.0.1",
                "ip_address": "172.28.0.12",
                "ip_prefix_length": 16,
                "network_name": "lab3b_net"
              }
            ],
            "network_mode": "bridge",
            "networks": null,
            "networks_advanced": [
              {
                "aliases": [],
                "ipv4_address": "172.28.0.12",
                "ipv6_address": "",
                "name": "lab3b_net"
              }
            ],
            "pid_mode": "",
            "ports": [],
            "privileged": false,
            "publish_all_ports": false,
            "read_only": false,
            "restart": "no",
            "rm": false,
            "shm_size": 64,
            "start": true,
            "sysctls": null,
            "tmpfs": null,
            "ulimit": [],
            "upload": [],
            "user": "",
            "userns_mode": "",
            "volumes": [],
            "working_dir": "/"
          },
          "sensitive_attributes": [],
          "private": "eyJzY2hlbWFfdmVyc2lvbiI6IjIifQ==",
          "dependencies": [
            "docker_image.web_img",
            "docker_network.labnet"
          ]
        }
      ]
    },
    {
      "mode": "managed",
      "type": "docker_container",
      "name": "web3",
      "provider": "provider[\"registry.terraform.io/terraform-providers/docker\"]",
      "instances": [
        {
          "status": "tainted",
          "schema_version": 2,
          "attributes": {
            "attach": false,
            "bridge": null,
            "capabilities": [],
            "command": null,
            "container_logs": null,
            "cpu_set": null,
            "cpu_shares": null,
            "destroy_grace_seconds": null,
            "devices": [],
            "dns": [],
            "dns_opts": [],
            "dns_search": null,
            "domainname": null,
            "entrypoint": null,
            "env": null,
            "exit_code": null,
            "gateway": null,
            "group_add": null,
            "healthcheck": [],
            "host": [],
            "hostname": null,
            "id": "9d97ee0b9fbf90a70f045e923972377bc60d5beea21d8f5d283a0d821b0411f2",
            "image": "nginxdemos/hello:latest",
            "ip_address": null,
            "ip_prefix_length": null,
            "ipc_mode": null,
            "labels": [],
            "links": null,
            "log_driver": null,
            "log_opts": null,
            "logs": false,
            "max_retry_count": null,
            "memory": null,
            "memory_swap": null,
            "mounts": [],
            "must_run": true,
            "name": "web3",
            "network_alias": null,
            "network_data": null,
            "network_mode": null,
            "networks": null,
            "networks_advanced": [
              {
                "aliases": [],
                "ipv4_address": "172.18.0.13",
                "ipv6_address": "",
                "name": "lab3b_net"
              }
            ],
            "pid_mode": null,
            "ports": [],
            "privileged": null,
            "publish_all_ports": null,
            "read_only": false,
            "restart": "no",
            "rm": false,
            "shm_size": null,
            "start": true,
            "sysctls": null,
            "tmpfs": null,
            "ulimit": [],
            "upload": [],
            "user": null,
            "userns_mode": null,
            "volumes": [],
            "working_dir": null
          },
          "sensitive_attributes": [],
          "private": "eyJzY2hlbWFfdmVyc2lvbiI6IjIifQ==",
          "dependencies": [
            "docker_image.web_img",
            "docker_network.labnet"
          ]
        }
      ]
    },
    {
      "mode": "managed",
      "type": "docker_image",
      "name": "curl",
      "provider": "provider[\"registry.terraform.io/terraform-providers/docker\"]",
      "instances": [
        {
          "schema_version": 0,
          "attributes": {
            "id": "sha256:e74447e85ef07be8a848a1fb448615df75fa7ca57f6171663fedcac2fe818044curlimages/curl:latest",
            "keep_locally": null,
            "latest": "sha256:e74447e85ef07be8a848a1fb448615df75fa7ca57f6171663fedcac2fe818044",
            "name": "curlimages/curl:latest",
            "pull_trigger": null,
            "pull_triggers": null
          },
          "sensitive_attributes": [],
          "private": "bnVsbA=="
        }
      ]
    },
    {
      "mode": "managed",
      "type": "docker_image",
      "name": "haproxy_img",
      "provider": "provider[\"registry.terraform.io/terraform-providers/docker\"]",
      "instances": [
        {
          "schema_version": 0,
          "attributes": {
            "id": "sha256:73c9a6a2e39bb5c805fc9d527f58e5e82f5f51fd44177a04f1f6c540bb976591haproxy:latest",
            "keep_locally": null,
            "latest": "sha256:73c9a6a2e39bb5c805fc9d527f58e5e82f5f51fd44177a04f1f6c540bb976591",
            "name": "haproxy:latest",
            "pull_trigger": null,
            "pull_triggers": null
          },
          "sensitive_attributes": [],
          "private": "bnVsbA=="
        }
      ]
    },
    {
      "mode": "managed",
      "type": "docker_image",
      "name": "web_img",
      "provider": "provider[\"registry.terraform.io/terraform-providers/docker\"]",
      "instances": [
        {
          "schema_version": 0,
          "attributes": {
            "id": "sha256:cf49c37eb33018fd1660a652da67dcdbdf55996ae3c22bb80cd733dbf8ded8c6nginxdemos/hello:latest",
            "keep_locally": null,
            "latest": "sha256:cf49c37eb33018fd1660a652da67dcdbdf55996ae3c22bb80cd733dbf8ded8c6",
            "name": "nginxdemos/hello:latest",
            "pull_trigger": null,
            "pull_triggers": null
          },
          "sensitive_attributes": [],
          "private": "bnVsbA=="
        }
      ]
    },
    {
      "mode": "managed",
      "type": "docker_network",
      "name": "labnet",
      "provider": "provider[\"registry.terraform.io/terraform-providers/docker\"]",
      "instances": [
        {
          "schema_version": 1,
          "attributes": {
            "attachable": false,
            "check_duplicate": null,
            "driver": "bridge",
            "id": "e3afc5d275f819d3714eb13de35936210d687fc80884e4b397ff4564baa02811",
            "ingress": false,
            "internal": false,
            "ipam_config": [
              {
                "aux_address": null,
                "gateway": "172.28.0.1",
                "ip_range": "",
                "subnet": "172.28.0.0/16"
              }
            ],
            "ipam_driver": "default",
            "ipv6": false,
            "labels": [],
            "name": "lab3b_net",
            "options": {},
            "scope": "local"
          },
          "sensitive_attributes": [],
          "private": "eyJzY2hlbWFfdmVyc2lvbiI6IjEifQ=="
        }
      ]
    }
  ],
  "check_results": null
}
