[0m[1mdocker_image.nginx_img: Refreshing state... [id=sha256:6769dc3a703c719c1d2756bda113659be28ae16cf0da58dd5fd823d6b9a050eanginx:alpine][0m
[0m[1mdocker_image.haproxy_img: Refreshing state... [id=sha256:73c9a6a2e39bb5c805fc9d527f58e5e82f5f51fd44177a04f1f6c540bb976591haproxy:latest][0m
[0m[1mdocker_network.labnet: Refreshing state... [id=875b8e8be52b7ead41f825fe5719a1a6c9c633b7c0fb069033de53b374c91460][0m
[0m[1mdocker_image.curl: Refreshing state... [id=sha256:e74447e85ef07be8a848a1fb448615df75fa7ca57f6171663fedcac2fe818044curlimages/curl:latest][0m
[0m[1mdocker_container.client: Refreshing state... [id=1d257e28b969732335bde6962640bc383dffb97d8abc089847792d633475a416][0m
[0m[1mdocker_container.web2: Refreshing state... [id=42d941160222a06b4afae1212595c8db8472e58e90021f4985be49f0ebd1a998][0m
[0m[1mdocker_container.web1: Refreshing state... [id=44decd4b3967e98056d4cc20ae337729f09125e416cfebe11271a1d206b31274][0m
[0m[1mdocker_container.haproxy: Refreshing state... [id=7fb44bfcddc8140d4a8d0a980448696fcc348f91679ed594c061ec444a536d8d][0m

Terraform used the selected providers to generate the following execution
plan. Resource actions are indicated with the following symbols:
  [32m+[0m create[0m
[31m-[0m/[32m+[0m destroy and then create replacement[0m

Terraform will perform the following actions:

[1m  # docker_container.client[0m must be [1m[31mreplaced[0m
[0m[31m-[0m/[32m+[0m[0m resource "docker_container" "client" {
      [32m+[0m[0m bridge            = (known after apply)
      [32m+[0m[0m container_logs    = (known after apply)
      [31m-[0m[0m cpu_shares        = 0 [90m-> null[0m[0m
      [33m~[0m[0m dns               = [] -> (known after apply)
      [33m~[0m[0m dns_opts          = [] -> (known after apply)
      [31m-[0m[0m dns_search        = [] [90m-> null[0m[0m
      [33m~[0m[0m entrypoint        = [
          [31m-[0m[0m "/entrypoint.sh",
        ] -> (known after apply)
      [32m+[0m[0m exit_code         = (known after apply)
      [33m~[0m[0m gateway           = "172.28.0.1" -> (known after apply)
      [31m-[0m[0m group_add         = [] [90m-> null[0m[0m
      [33m~[0m[0m hostname          = "1d257e28b969" -> (known after apply)
      [33m~[0m[0m id                = "1d257e28b969732335bde6962640bc383dffb97d8abc089847792d633475a416" -> (known after apply)
      [33m~[0m[0m ip_address        = "172.28.0.20" -> (known after apply)
      [33m~[0m[0m ip_prefix_length  = 16 -> (known after apply)
      [33m~[0m[0m ipc_mode          = "private" -> (known after apply)
      [31m-[0m[0m links             = [] [90m-> null[0m[0m
      [33m~[0m[0m log_driver        = "json-file" -> (known after apply)
      [33m~[0m[0m log_opts          = {} -> (known after apply)
      [31m-[0m[0m max_retry_count   = 0 [90m-> null[0m[0m
      [31m-[0m[0m memory            = 0 [90m-> null[0m[0m
      [31m-[0m[0m memory_swap       = 0 [90m-> null[0m[0m
        name              = "client"
      [33m~[0m[0m network_data      = [
          [31m-[0m[0m {
              [31m-[0m[0m gateway          = "172.28.0.1"
              [31m-[0m[0m ip_address       = "172.28.0.20"
              [31m-[0m[0m ip_prefix_length = 16
              [31m-[0m[0m network_name     = "lab3b_net"
            },
        ] -> (known after apply)
      [31m-[0m[0m network_mode      = "bridge" [90m-> null[0m[0m [31m# forces replacement[0m[0m
      [31m-[0m[0m privileged        = false [90m-> null[0m[0m
      [31m-[0m[0m publish_all_ports = false [90m-> null[0m[0m
      [33m~[0m[0m shm_size          = 64 -> (known after apply)
      [31m-[0m[0m sysctls           = {} [90m-> null[0m[0m
      [31m-[0m[0m tmpfs             = {} [90m-> null[0m[0m
      [33m~[0m[0m user              = "curl_user" -> (known after apply)
      [33m~[0m[0m working_dir       = "/home/curl_user" -> (known after apply)
        [90m# (13 unchanged attributes hidden)[0m[0m

        [90m# (1 unchanged block hidden)[0m[0m
    }

[1m  # docker_container.haproxy[0m must be [1m[31mreplaced[0m
[0m[31m-[0m/[32m+[0m[0m resource "docker_container" "haproxy" {
      [32m+[0m[0m bridge            = (known after apply)
      [33m~[0m[0m command           = [
          [31m-[0m[0m "haproxy",
          [31m-[0m[0m "-f",
          [31m-[0m[0m "/usr/local/etc/haproxy/haproxy.cfg",
        ] -> (known after apply)
      [32m+[0m[0m container_logs    = (known after apply)
      [31m-[0m[0m cpu_shares        = 0 [90m-> null[0m[0m
      [33m~[0m[0m dns               = [] -> (known after apply)
      [33m~[0m[0m dns_opts          = [] -> (known after apply)
      [31m-[0m[0m dns_search        = [] [90m-> null[0m[0m
      [33m~[0m[0m entrypoint        = [
          [31m-[0m[0m "docker-entrypoint.sh",
        ] -> (known after apply)
      [32m+[0m[0m exit_code         = (known after apply)
      [33m~[0m[0m gateway           = "172.28.0.1" -> (known after apply)
      [31m-[0m[0m group_add         = [] [90m-> null[0m[0m
      [33m~[0m[0m hostname          = "7fb44bfcddc8" -> (known after apply)
      [33m~[0m[0m id                = "7fb44bfcddc8140d4a8d0a980448696fcc348f91679ed594c061ec444a536d8d" -> (known after apply)
      [33m~[0m[0m ip_address        = "172.28.0.10" -> (known after apply)
      [33m~[0m[0m ip_prefix_length  = 16 -> (known after apply)
      [33m~[0m[0m ipc_mode          = "private" -> (known after apply)
      [31m-[0m[0m links             = [] [90m-> null[0m[0m
      [33m~[0m[0m log_driver        = "json-file" -> (known after apply)
      [33m~[0m[0m log_opts          = {} -> (known after apply)
      [31m-[0m[0m max_retry_count   = 0 [90m-> null[0m[0m
      [31m-[0m[0m memory            = 0 [90m-> null[0m[0m
      [31m-[0m[0m memory_swap       = 0 [90m-> null[0m[0m
        name              = "haproxy"
      [33m~[0m[0m network_data      = [
          [31m-[0m[0m {
              [31m-[0m[0m gateway          = "172.28.0.1"
              [31m-[0m[0m ip_address       = "172.28.0.10"
              [31m-[0m[0m ip_prefix_length = 16
              [31m-[0m[0m network_name     = "lab3b_net"
            },
        ] -> (known after apply)
      [31m-[0m[0m network_mode      = "bridge" [90m-> null[0m[0m [31m# forces replacement[0m[0m
      [31m-[0m[0m privileged        = false [90m-> null[0m[0m
      [31m-[0m[0m publish_all_ports = false [90m-> null[0m[0m
      [33m~[0m[0m shm_size          = 64 -> (known after apply)
      [31m-[0m[0m sysctls           = {} [90m-> null[0m[0m
      [31m-[0m[0m tmpfs             = {} [90m-> null[0m[0m
      [33m~[0m[0m user              = "haproxy" -> (known after apply)
      [33m~[0m[0m working_dir       = "/var/lib/haproxy" -> (known after apply)
        [90m# (12 unchanged attributes hidden)[0m[0m

      [31m-[0m[0m volumes {
          [31m-[0m[0m container_path = "/usr/local/etc/haproxy/haproxy.cfg" [90m-> null[0m[0m
          [31m-[0m[0m host_path      = "/home/jbras/network-virtualization/terraform/haproxy.cfg" [90m-> null[0m[0m
          [31m-[0m[0m read_only      = false [90m-> null[0m[0m
            [90m# (2 unchanged attributes hidden)[0m[0m
        }
      [32m+[0m[0m volumes {
          [32m+[0m[0m container_path = "/usr/local/etc/haproxy/haproxy.cfg"
          [32m+[0m[0m host_path      = "/home/jbras/network-virtualization/terraform/haproxy.cfg"
            [90m# (2 unchanged attributes hidden)[0m[0m
        }

        [90m# (2 unchanged blocks hidden)[0m[0m
    }

[1m  # docker_container.web1[0m must be [1m[31mreplaced[0m
[0m[31m-[0m/[32m+[0m[0m resource "docker_container" "web1" {
      [32m+[0m[0m bridge            = (known after apply)
      [32m+[0m[0m container_logs    = (known after apply)
      [31m-[0m[0m cpu_shares        = 0 [90m-> null[0m[0m
      [33m~[0m[0m dns               = [] -> (known after apply)
      [33m~[0m[0m dns_opts          = [] -> (known after apply)
      [31m-[0m[0m dns_search        = [] [90m-> null[0m[0m
      [33m~[0m[0m entrypoint        = [
          [31m-[0m[0m "/docker-entrypoint.sh",
        ] -> (known after apply)
      [32m+[0m[0m exit_code         = (known after apply)
      [33m~[0m[0m gateway           = "172.28.0.1" -> (known after apply)
      [31m-[0m[0m group_add         = [] [90m-> null[0m[0m
      [33m~[0m[0m hostname          = "44decd4b3967" -> (known after apply)
      [33m~[0m[0m id                = "44decd4b3967e98056d4cc20ae337729f09125e416cfebe11271a1d206b31274" -> (known after apply)
      [33m~[0m[0m ip_address        = "172.28.0.11" -> (known after apply)
      [33m~[0m[0m ip_prefix_length  = 16 -> (known after apply)
      [33m~[0m[0m ipc_mode          = "private" -> (known after apply)
      [31m-[0m[0m links             = [] [90m-> null[0m[0m
      [33m~[0m[0m log_driver        = "json-file" -> (known after apply)
      [33m~[0m[0m log_opts          = {} -> (known after apply)
      [31m-[0m[0m max_retry_count   = 0 [90m-> null[0m[0m
      [31m-[0m[0m memory            = 0 [90m-> null[0m[0m
      [31m-[0m[0m memory_swap       = 0 [90m-> null[0m[0m
        name              = "web1"
      [33m~[0m[0m network_data      = [
          [31m-[0m[0m {
              [31m-[0m[0m gateway          = "172.28.0.1"
              [31m-[0m[0m ip_address       = "172.28.0.11"
              [31m-[0m[0m ip_prefix_length = 16
              [31m-[0m[0m network_name     = "lab3b_net"
            },
        ] -> (known after apply)
      [31m-[0m[0m network_mode      = "bridge" [90m-> null[0m[0m [31m# forces replacement[0m[0m
      [31m-[0m[0m privileged        = false [90m-> null[0m[0m
      [31m-[0m[0m publish_all_ports = false [90m-> null[0m[0m
      [33m~[0m[0m shm_size          = 64 -> (known after apply)
      [31m-[0m[0m sysctls           = {} [90m-> null[0m[0m
      [31m-[0m[0m tmpfs             = {} [90m-> null[0m[0m
      [32m+[0m[0m user              = (known after apply)
      [33m~[0m[0m working_dir       = "/" -> (known after apply)
        [90m# (13 unchanged attributes hidden)[0m[0m

        [90m# (1 unchanged block hidden)[0m[0m
    }

[1m  # docker_container.web2[0m must be [1m[31mreplaced[0m
[0m[31m-[0m/[32m+[0m[0m resource "docker_container" "web2" {
      [32m+[0m[0m bridge            = (known after apply)
      [32m+[0m[0m container_logs    = (known after apply)
      [31m-[0m[0m cpu_shares        = 0 [90m-> null[0m[0m
      [33m~[0m[0m dns               = [] -> (known after apply)
      [33m~[0m[0m dns_opts          = [] -> (known after apply)
      [31m-[0m[0m dns_search        = [] [90m-> null[0m[0m
      [33m~[0m[0m entrypoint        = [
          [31m-[0m[0m "/docker-entrypoint.sh",
        ] -> (known after apply)
      [32m+[0m[0m exit_code         = (known after apply)
      [33m~[0m[0m gateway           = "172.28.0.1" -> (known after apply)
      [31m-[0m[0m group_add         = [] [90m-> null[0m[0m
      [33m~[0m[0m hostname          = "42d941160222" -> (known after apply)
      [33m~[0m[0m id                = "42d941160222a06b4afae1212595c8db8472e58e90021f4985be49f0ebd1a998" -> (known after apply)
      [33m~[0m[0m ip_address        = "172.28.0.12" -> (known after apply)
      [33m~[0m[0m ip_prefix_length  = 16 -> (known after apply)
      [33m~[0m[0m ipc_mode          = "private" -> (known after apply)
      [31m-[0m[0m links             = [] [90m-> null[0m[0m
      [33m~[0m[0m log_driver        = "json-file" -> (known after apply)
      [33m~[0m[0m log_opts          = {} -> (known after apply)
      [31m-[0m[0m max_retry_count   = 0 [90m-> null[0m[0m
      [31m-[0m[0m memory            = 0 [90m-> null[0m[0m
      [31m-[0m[0m memory_swap       = 0 [90m-> null[0m[0m
        name              = "web2"
      [33m~[0m[0m network_data      = [
          [31m-[0m[0m {
              [31m-[0m[0m gateway          = "172.28.0.1"
              [31m-[0m[0m ip_address       = "172.28.0.12"
              [31m-[0m[0m ip_prefix_length = 16
              [31m-[0m[0m network_name     = "lab3b_net"
            },
        ] -> (known after apply)
      [31m-[0m[0m network_mode      = "bridge" [90m-> null[0m[0m [31m# forces replacement[0m[0m
      [31m-[0m[0m privileged        = false [90m-> null[0m[0m
      [31m-[0m[0m publish_all_ports = false [90m-> null[0m[0m
      [33m~[0m[0m shm_size          = 64 -> (known after apply)
      [31m-[0m[0m sysctls           = {} [90m-> null[0m[0m
      [31m-[0m[0m tmpfs             = {} [90m-> null[0m[0m
      [32m+[0m[0m user              = (known after apply)
      [33m~[0m[0m working_dir       = "/" -> (known after apply)
        [90m# (13 unchanged attributes hidden)[0m[0m

        [90m# (1 unchanged block hidden)[0m[0m
    }

[1m  # docker_container.web3[0m will be created
[0m  [32m+[0m[0m resource "docker_container" "web3" {
      [32m+[0m[0m attach           = false
      [32m+[0m[0m bridge           = (known after apply)
      [32m+[0m[0m command          = [
          [32m+[0m[0m "/bin/sh",
          [32m+[0m[0m "-c",
          [32m+[0m[0m <<-EOT
                IP="$(hostname -i)"
                cat <<EOF > /usr/share/nginx/html/index.html
                <!DOCTYPE html>
                <html><head><title>Served by ${IP}</title></head>
                <body><h1>${IP}</h1></body></html>
                EOF
                exec nginx -g 'daemon off;'
            EOT,
        ]
      [32m+[0m[0m container_logs   = (known after apply)
      [32m+[0m[0m dns              = (known after apply)
      [32m+[0m[0m dns_opts         = (known after apply)
      [32m+[0m[0m entrypoint       = (known after apply)
      [32m+[0m[0m exit_code        = (known after apply)
      [32m+[0m[0m gateway          = (known after apply)
      [32m+[0m[0m hostname         = (known after apply)
      [32m+[0m[0m id               = (known after apply)
      [32m+[0m[0m image            = "sha256:6769dc3a703c719c1d2756bda113659be28ae16cf0da58dd5fd823d6b9a050ea"
      [32m+[0m[0m ip_address       = (known after apply)
      [32m+[0m[0m ip_prefix_length = (known after apply)
      [32m+[0m[0m ipc_mode         = (known after apply)
      [32m+[0m[0m log_driver       = (known after apply)
      [32m+[0m[0m log_opts         = (known after apply)
      [32m+[0m[0m logs             = false
      [32m+[0m[0m must_run         = true
      [32m+[0m[0m name             = "web3"
      [32m+[0m[0m network_data     = (known after apply)
      [32m+[0m[0m read_only        = false
      [32m+[0m[0m restart          = "no"
      [32m+[0m[0m rm               = false
      [32m+[0m[0m shm_size         = (known after apply)
      [32m+[0m[0m start            = true
      [32m+[0m[0m user             = (known after apply)
      [32m+[0m[0m working_dir      = (known after apply)

      [32m+[0m[0m networks_advanced {
          [32m+[0m[0m aliases      = []
          [32m+[0m[0m ipv4_address = "172.28.0.13"
          [32m+[0m[0m name         = "lab3b_net"
            [90m# (1 unchanged attribute hidden)[0m[0m
        }
    }

[1mPlan:[0m 5 to add, 0 to change, 4 to destroy.
[0m[0m[1mdocker_container.web1: Destroying... [id=44decd4b3967e98056d4cc20ae337729f09125e416cfebe11271a1d206b31274][0m[0m
[0m[1mdocker_container.client: Destroying... [id=1d257e28b969732335bde6962640bc383dffb97d8abc089847792d633475a416][0m[0m
[0m[1mdocker_container.web2: Destroying... [id=42d941160222a06b4afae1212595c8db8472e58e90021f4985be49f0ebd1a998][0m[0m
[0m[1mdocker_container.haproxy: Destroying... [id=7fb44bfcddc8140d4a8d0a980448696fcc348f91679ed594c061ec444a536d8d][0m[0m
[0m[1mdocker_container.web3: Creating...[0m[0m
[0m[1mdocker_container.client: Destruction complete after 0s[0m
[0m[1mdocker_container.client: Creating...[0m[0m
[0m[1mdocker_container.haproxy: Destruction complete after 0s[0m
[0m[1mdocker_container.web1: Destruction complete after 0s[0m
[0m[1mdocker_container.haproxy: Creating...[0m[0m
[0m[1mdocker_container.web1: Creating...[0m[0m
[0m[1mdocker_container.web2: Destruction complete after 0s[0m
[0m[1mdocker_container.web2: Creating...[0m[0m
[0m[1mdocker_container.web3: Creation complete after 0s [id=819e68fee33289763a25846b1b77030af67bf79211cbd006b2d1db85017edb1e][0m
[0m[1mdocker_container.client: Creation complete after 1s [id=f11bc974f81a1d08f40fbb07f84a42771ef691241ab7df665897afc8984943a1][0m
[0m[1mdocker_container.web1: Creation complete after 1s [id=09a91ad0d86a691e050dcbd8beda94a49dfb038fa17b76fabf32066655b7bfaa][0m
[0m[1mdocker_container.web2: Creation complete after 1s [id=b527355aebeeda67fd084b3dcd12b0a18ea46f3d063038fea4c58924c8590796][0m
[0m[1mdocker_container.haproxy: Creation complete after 1s [id=4a2f3821592881f8e3690cbcdc49aa03d24e4bf0d2c4c020cfd7847271e2acaf][0m
[0m[1m[32m
Apply complete! Resources: 5 added, 0 changed, 4 destroyed.
[0m