[0m[1mdocker_image.haproxy_img: Refreshing state... [id=sha256:73c9a6a2e39bb5c805fc9d527f58e5e82f5f51fd44177a04f1f6c540bb976591haproxy:latest][0m
[0m[1mdocker_image.web_img: Refreshing state... [id=sha256:cf49c37eb33018fd1660a652da67dcdbdf55996ae3c22bb80cd733dbf8ded8c6nginxdemos/hello:latest][0m
[0m[1mdocker_image.curl: Refreshing state... [id=sha256:e74447e85ef07be8a848a1fb448615df75fa7ca57f6171663fedcac2fe818044curlimages/curl:latest][0m
[0m[1mdocker_network.labnet: Refreshing state... [id=3eec7c898fad51e27ff582d4e07dba83eba63f3f4a165c9a203b7a0bc1fbc1e4][0m
[0m[1mdocker_container.web1: Refreshing state... [id=3b24841c4f8a4a66d6724981f53f59623bcca5384819e167ed808a0b19c9a114][0m
[0m[1mdocker_container.web3: Refreshing state... [id=065ec4ec2a3f8e3c3194d78fbfd6282048e96f27adf026280c8b40a1b490e19d][0m
[0m[1mdocker_container.web2: Refreshing state... [id=c3b7deade3c4a33bec0680f4720d86324414b83e9b7abb0bf0f5af81881f2bb0][0m
[0m[1mdocker_container.client: Refreshing state... [id=d0bb822bdb39cbfc66d8c20dd51985f733faf3752db5b564c48481fad3c51ca7][0m
[0m[1mdocker_container.haproxy: Refreshing state... [id=cefcfee6b152b28f5c30b35af28e3336ef4e81de0c01906624fcb3436b1accd5][0m

Terraform used the selected providers to generate the following execution
plan. Resource actions are indicated with the following symbols:
[31m-[0m/[32m+[0m destroy and then create replacement[0m

Terraform will perform the following actions:

[1m  # docker_container.client[0m must be [1m[31mreplaced[0m
[0m[31m-[0m/[32m+[0m[0m resource "docker_container" "client" {
      [32m+[0m[0m bridge            = (known after apply)
      [32m+[0m[0m container_logs    = (known after apply)
      [31m-[0m[0m cpu_shares        = 0 [90m-> null[0m[0m
      [33m~[0m[0m dns               = [] -> (known after apply)
      [33m~[0m[0m dns_opts          = [] -> (known after apply)
      [31m-[0m[0m dns_search        = [] [90m-> null[0m[0m
      [33m~[0m[0m entrypoint        = [
          [31m-[0m[0m "/entrypoint.sh",
        ] -> (known after apply)
      [32m+[0m[0m exit_code         = (known after apply)
      [33m~[0m[0m gateway           = "172.28.0.1" -> (known after apply)
      [31m-[0m[0m group_add         = [] [90m-> null[0m[0m
      [33m~[0m[0m hostname          = "d0bb822bdb39" -> (known after apply)
      [33m~[0m[0m id                = "d0bb822bdb39cbfc66d8c20dd51985f733faf3752db5b564c48481fad3c51ca7" -> (known after apply)
      [33m~[0m[0m image             = "sha256:e74447e85ef07be8a848a1fb448615df75fa7ca57f6171663fedcac2fe818044" [33m->[0m[0m "curlimages/curl:latest" [31m# forces replacement[0m[0m
      [33m~[0m[0m ip_address        = "172.28.0.20" -> (known after apply)
      [33m~[0m[0m ip_prefix_length  = 16 -> (known after apply)
      [33m~[0m[0m ipc_mode          = "private" -> (known after apply)
      [31m-[0m[0m links             = [] [90m-> null[0m[0m
      [33m~[0m[0m log_driver        = "json-file" -> (known after apply)
      [33m~[0m[0m log_opts          = {} -> (known after apply)
      [31m-[0m[0m max_retry_count   = 0 [90m-> null[0m[0m
      [31m-[0m[0m memory            = 0 [90m-> null[0m[0m
      [31m-[0m[0m memory_swap       = 0 [90m-> null[0m[0m
        name              = "client"
      [33m~[0m[0m network_data      = [
          [31m-[0m[0m {
              [31m-[0m[0m gateway          = "172.28.0.1"
              [31m-[0m[0m ip_address       = "172.28.0.20"
              [31m-[0m[0m ip_prefix_length = 16
              [31m-[0m[0m network_name     = "lab3b_net"
            },
        ] -> (known after apply)
      [31m-[0m[0m network_mode      = "bridge" [90m-> null[0m[0m [31m# forces replacement[0m[0m
      [31m-[0m[0m privileged        = false [90m-> null[0m[0m
      [31m-[0m[0m publish_all_ports = false [90m-> null[0m[0m
      [33m~[0m[0m shm_size          = 64 -> (known after apply)
      [31m-[0m[0m sysctls           = {} [90m-> null[0m[0m
      [31m-[0m[0m tmpfs             = {} [90m-> null[0m[0m
      [33m~[0m[0m user              = "curl_user" -> (known after apply)
      [33m~[0m[0m working_dir       = "/home/curl_user" -> (known after apply)
        [90m# (12 unchanged attributes hidden)[0m[0m

        [90m# (1 unchanged block hidden)[0m[0m
    }

[1m  # docker_container.haproxy[0m must be [1m[31mreplaced[0m
[0m[31m-[0m/[32m+[0m[0m resource "docker_container" "haproxy" {
      [32m+[0m[0m bridge            = (known after apply)
      [33m~[0m[0m command           = [
          [31m-[0m[0m "haproxy",
          [31m-[0m[0m "-f",
          [31m-[0m[0m "/usr/local/etc/haproxy/haproxy.cfg",
        ] -> (known after apply)
      [32m+[0m[0m container_logs    = (known after apply)
      [31m-[0m[0m cpu_shares        = 0 [90m-> null[0m[0m
      [33m~[0m[0m dns               = [] -> (known after apply)
      [33m~[0m[0m dns_opts          = [] -> (known after apply)
      [31m-[0m[0m dns_search        = [] [90m-> null[0m[0m
      [33m~[0m[0m entrypoint        = [
          [31m-[0m[0m "docker-entrypoint.sh",
        ] -> (known after apply)
      [32m+[0m[0m exit_code         = (known after apply)
      [33m~[0m[0m gateway           = "172.28.0.1" -> (known after apply)
      [31m-[0m[0m group_add         = [] [90m-> null[0m[0m
      [33m~[0m[0m hostname          = "cefcfee6b152" -> (known after apply)
      [33m~[0m[0m id                = "cefcfee6b152b28f5c30b35af28e3336ef4e81de0c01906624fcb3436b1accd5" -> (known after apply)
      [33m~[0m[0m image             = "sha256:73c9a6a2e39bb5c805fc9d527f58e5e82f5f51fd44177a04f1f6c540bb976591" [33m->[0m[0m "haproxy:latest" [31m# forces replacement[0m[0m
      [33m~[0m[0m ip_address        = "172.28.0.10" -> (known after apply)
      [33m~[0m[0m ip_prefix_length  = 16 -> (known after apply)
      [33m~[0m[0m ipc_mode          = "private" -> (known after apply)
      [31m-[0m[0m links             = [] [90m-> null[0m[0m
      [33m~[0m[0m log_driver        = "json-file" -> (known after apply)
      [33m~[0m[0m log_opts          = {} -> (known after apply)
      [31m-[0m[0m max_retry_count   = 0 [90m-> null[0m[0m
      [31m-[0m[0m memory            = 0 [90m-> null[0m[0m
      [31m-[0m[0m memory_swap       = 0 [90m-> null[0m[0m
        name              = "haproxy"
      [33m~[0m[0m network_data      = [
          [31m-[0m[0m {
              [31m-[0m[0m gateway          = "172.28.0.1"
              [31m-[0m[0m ip_address       = "172.28.0.10"
              [31m-[0m[0m ip_prefix_length = 16
              [31m-[0m[0m network_name     = "lab3b_net"
            },
        ] -> (known after apply)
      [31m-[0m[0m network_mode      = "bridge" [90m-> null[0m[0m [31m# forces replacement[0m[0m
      [31m-[0m[0m privileged        = false [90m-> null[0m[0m
      [31m-[0m[0m publish_all_ports = false [90m-> null[0m[0m
      [33m~[0m[0m shm_size          = 64 -> (known after apply)
      [31m-[0m[0m sysctls           = {} [90m-> null[0m[0m
      [31m-[0m[0m tmpfs             = {} [90m-> null[0m[0m
      [33m~[0m[0m user              = "haproxy" -> (known after apply)
      [33m~[0m[0m working_dir       = "/var/lib/haproxy" -> (known after apply)
        [90m# (11 unchanged attributes hidden)[0m[0m

      [31m-[0m[0m volumes {
          [31m-[0m[0m container_path = "/usr/local/etc/haproxy/haproxy.cfg" [90m-> null[0m[0m
          [31m-[0m[0m host_path      = "/home/jbras/network-virtualization/terraform/haproxy.cfg" [90m-> null[0m[0m
          [31m-[0m[0m read_only      = false [90m-> null[0m[0m
            [90m# (2 unchanged attributes hidden)[0m[0m
        }
      [32m+[0m[0m volumes {
          [32m+[0m[0m container_path = "/usr/local/etc/haproxy/haproxy.cfg"
          [32m+[0m[0m host_path      = "/home/jbras/network-virtualization/terraform/haproxy.cfg"
            [90m# (2 unchanged attributes hidden)[0m[0m
        }

        [90m# (2 unchanged blocks hidden)[0m[0m
    }

[1m  # docker_container.web1[0m must be [1m[31mreplaced[0m
[0m[31m-[0m/[32m+[0m[0m resource "docker_container" "web1" {
      [32m+[0m[0m bridge            = (known after apply)
      [33m~[0m[0m command           = [
          [31m-[0m[0m "nginx",
          [31m-[0m[0m "-g",
          [31m-[0m[0m "daemon off;",
        ] -> (known after apply)
      [32m+[0m[0m container_logs    = (known after apply)
      [31m-[0m[0m cpu_shares        = 0 [90m-> null[0m[0m
      [33m~[0m[0m dns               = [] -> (known after apply)
      [33m~[0m[0m dns_opts          = [] -> (known after apply)
      [31m-[0m[0m dns_search        = [] [90m-> null[0m[0m
      [33m~[0m[0m entrypoint        = [
          [31m-[0m[0m "/docker-entrypoint.sh",
        ] -> (known after apply)
      [32m+[0m[0m exit_code         = (known after apply)
      [33m~[0m[0m gateway           = "172.28.0.1" -> (known after apply)
      [31m-[0m[0m group_add         = [] [90m-> null[0m[0m
      [33m~[0m[0m hostname          = "3b24841c4f8a" -> (known after apply)
      [33m~[0m[0m id                = "3b24841c4f8a4a66d6724981f53f59623bcca5384819e167ed808a0b19c9a114" -> (known after apply)
      [33m~[0m[0m image             = "sha256:cf49c37eb33018fd1660a652da67dcdbdf55996ae3c22bb80cd733dbf8ded8c6" [33m->[0m[0m "nginxdemos/hello:latest" [31m# forces replacement[0m[0m
      [33m~[0m[0m ip_address        = "172.28.0.11" -> (known after apply)
      [33m~[0m[0m ip_prefix_length  = 16 -> (known after apply)
      [33m~[0m[0m ipc_mode          = "private" -> (known after apply)
      [31m-[0m[0m links             = [] [90m-> null[0m[0m
      [33m~[0m[0m log_driver        = "json-file" -> (known after apply)
      [33m~[0m[0m log_opts          = {} -> (known after apply)
      [31m-[0m[0m max_retry_count   = 0 [90m-> null[0m[0m
      [31m-[0m[0m memory            = 0 [90m-> null[0m[0m
      [31m-[0m[0m memory_swap       = 0 [90m-> null[0m[0m
        name              = "web1"
      [33m~[0m[0m network_data      = [
          [31m-[0m[0m {
              [31m-[0m[0m gateway          = "172.28.0.1"
              [31m-[0m[0m ip_address       = "172.28.0.11"
              [31m-[0m[0m ip_prefix_length = 16
              [31m-[0m[0m network_name     = "lab3b_net"
            },
        ] -> (known after apply)
      [31m-[0m[0m network_mode      = "bridge" [90m-> null[0m[0m [31m# forces replacement[0m[0m
      [31m-[0m[0m privileged        = false [90m-> null[0m[0m
      [31m-[0m[0m publish_all_ports = false [90m-> null[0m[0m
      [33m~[0m[0m shm_size          = 64 -> (known after apply)
      [31m-[0m[0m sysctls           = {} [90m-> null[0m[0m
      [31m-[0m[0m tmpfs             = {} [90m-> null[0m[0m
      [32m+[0m[0m user              = (known after apply)
      [33m~[0m[0m working_dir       = "/" -> (known after apply)
        [90m# (11 unchanged attributes hidden)[0m[0m

        [90m# (1 unchanged block hidden)[0m[0m
    }

[1m  # docker_container.web2[0m must be [1m[31mreplaced[0m
[0m[31m-[0m/[32m+[0m[0m resource "docker_container" "web2" {
      [32m+[0m[0m bridge            = (known after apply)
      [33m~[0m[0m command           = [
          [31m-[0m[0m "nginx",
          [31m-[0m[0m "-g",
          [31m-[0m[0m "daemon off;",
        ] -> (known after apply)
      [32m+[0m[0m container_logs    = (known after apply)
      [31m-[0m[0m cpu_shares        = 0 [90m-> null[0m[0m
      [33m~[0m[0m dns               = [] -> (known after apply)
      [33m~[0m[0m dns_opts          = [] -> (known after apply)
      [31m-[0m[0m dns_search        = [] [90m-> null[0m[0m
      [33m~[0m[0m entrypoint        = [
          [31m-[0m[0m "/docker-entrypoint.sh",
        ] -> (known after apply)
      [32m+[0m[0m exit_code         = (known after apply)
      [33m~[0m[0m gateway           = "172.28.0.1" -> (known after apply)
      [31m-[0m[0m group_add         = [] [90m-> null[0m[0m
      [33m~[0m[0m hostname          = "c3b7deade3c4" -> (known after apply)
      [33m~[0m[0m id                = "c3b7deade3c4a33bec0680f4720d86324414b83e9b7abb0bf0f5af81881f2bb0" -> (known after apply)
      [33m~[0m[0m image             = "sha256:cf49c37eb33018fd1660a652da67dcdbdf55996ae3c22bb80cd733dbf8ded8c6" [33m->[0m[0m "nginxdemos/hello:latest" [31m# forces replacement[0m[0m
      [33m~[0m[0m ip_address        = "172.28.0.12" -> (known after apply)
      [33m~[0m[0m ip_prefix_length  = 16 -> (known after apply)
      [33m~[0m[0m ipc_mode          = "private" -> (known after apply)
      [31m-[0m[0m links             = [] [90m-> null[0m[0m
      [33m~[0m[0m log_driver        = "json-file" -> (known after apply)
      [33m~[0m[0m log_opts          = {} -> (known after apply)
      [31m-[0m[0m max_retry_count   = 0 [90m-> null[0m[0m
      [31m-[0m[0m memory            = 0 [90m-> null[0m[0m
      [31m-[0m[0m memory_swap       = 0 [90m-> null[0m[0m
        name              = "web2"
      [33m~[0m[0m network_data      = [
          [31m-[0m[0m {
              [31m-[0m[0m gateway          = "172.28.0.1"
              [31m-[0m[0m ip_address       = "172.28.0.12"
              [31m-[0m[0m ip_prefix_length = 16
              [31m-[0m[0m network_name     = "lab3b_net"
            },
        ] -> (known after apply)
      [31m-[0m[0m network_mode      = "bridge" [90m-> null[0m[0m [31m# forces replacement[0m[0m
      [31m-[0m[0m privileged        = false [90m-> null[0m[0m
      [31m-[0m[0m publish_all_ports = false [90m-> null[0m[0m
      [33m~[0m[0m shm_size          = 64 -> (known after apply)
      [31m-[0m[0m sysctls           = {} [90m-> null[0m[0m
      [31m-[0m[0m tmpfs             = {} [90m-> null[0m[0m
      [32m+[0m[0m user              = (known after apply)
      [33m~[0m[0m working_dir       = "/" -> (known after apply)
        [90m# (11 unchanged attributes hidden)[0m[0m

        [90m# (1 unchanged block hidden)[0m[0m
    }

[1m  # docker_container.web3[0m must be [1m[31mreplaced[0m
[0m[31m-[0m/[32m+[0m[0m resource "docker_container" "web3" {
      [32m+[0m[0m bridge            = (known after apply)
      [33m~[0m[0m command           = [
          [31m-[0m[0m "nginx",
          [31m-[0m[0m "-g",
          [31m-[0m[0m "daemon off;",
        ] -> (known after apply)
      [32m+[0m[0m container_logs    = (known after apply)
      [31m-[0m[0m cpu_shares        = 0 [90m-> null[0m[0m
      [33m~[0m[0m dns               = [] -> (known after apply)
      [33m~[0m[0m dns_opts          = [] -> (known after apply)
      [31m-[0m[0m dns_search        = [] [90m-> null[0m[0m
      [33m~[0m[0m entrypoint        = [
          [31m-[0m[0m "/docker-entrypoint.sh",
        ] -> (known after apply)
      [32m+[0m[0m exit_code         = (known after apply)
      [33m~[0m[0m gateway           = "172.28.0.1" -> (known after apply)
      [31m-[0m[0m group_add         = [] [90m-> null[0m[0m
      [33m~[0m[0m hostname          = "065ec4ec2a3f" -> (known after apply)
      [33m~[0m[0m id                = "065ec4ec2a3f8e3c3194d78fbfd6282048e96f27adf026280c8b40a1b490e19d" -> (known after apply)
      [33m~[0m[0m image             = "sha256:cf49c37eb33018fd1660a652da67dcdbdf55996ae3c22bb80cd733dbf8ded8c6" [33m->[0m[0m "nginxdemos/hello:latest" [31m# forces replacement[0m[0m
      [33m~[0m[0m ip_address        = "172.28.0.13" -> (known after apply)
      [33m~[0m[0m ip_prefix_length  = 16 -> (known after apply)
      [33m~[0m[0m ipc_mode          = "private" -> (known after apply)
      [31m-[0m[0m links             = [] [90m-> null[0m[0m
      [33m~[0m[0m log_driver        = "json-file" -> (known after apply)
      [33m~[0m[0m log_opts          = {} -> (known after apply)
      [31m-[0m[0m max_retry_count   = 0 [90m-> null[0m[0m
      [31m-[0m[0m memory            = 0 [90m-> null[0m[0m
      [31m-[0m[0m memory_swap       = 0 [90m-> null[0m[0m
        name              = "web3"
      [33m~[0m[0m network_data      = [
          [31m-[0m[0m {
              [31m-[0m[0m gateway          = "172.28.0.1"
              [31m-[0m[0m ip_address       = "172.28.0.13"
              [31m-[0m[0m ip_prefix_length = 16
              [31m-[0m[0m network_name     = "lab3b_net"
            },
        ] -> (known after apply)
      [31m-[0m[0m network_mode      = "bridge" [90m-> null[0m[0m [31m# forces replacement[0m[0m
      [31m-[0m[0m privileged        = false [90m-> null[0m[0m
      [31m-[0m[0m publish_all_ports = false [90m-> null[0m[0m
      [33m~[0m[0m shm_size          = 64 -> (known after apply)
      [31m-[0m[0m sysctls           = {} [90m-> null[0m[0m
      [31m-[0m[0m tmpfs             = {} [90m-> null[0m[0m
      [32m+[0m[0m user              = (known after apply)
      [33m~[0m[0m working_dir       = "/" -> (known after apply)
        [90m# (11 unchanged attributes hidden)[0m[0m

        [90m# (1 unchanged block hidden)[0m[0m
    }

[1mPlan:[0m 5 to add, 0 to change, 5 to destroy.
[0m[0m[1mdocker_container.web2: Destroying... [id=c3b7deade3c4a33bec0680f4720d86324414b83e9b7abb0bf0f5af81881f2bb0][0m[0m
[0m[1mdocker_container.client: Destroying... [id=d0bb822bdb39cbfc66d8c20dd51985f733faf3752db5b564c48481fad3c51ca7][0m[0m
[0m[1mdocker_container.web3: Destroying... [id=065ec4ec2a3f8e3c3194d78fbfd6282048e96f27adf026280c8b40a1b490e19d][0m[0m
[0m[1mdocker_container.haproxy: Destroying... [id=cefcfee6b152b28f5c30b35af28e3336ef4e81de0c01906624fcb3436b1accd5][0m[0m
[0m[1mdocker_container.web1: Destroying... [id=3b24841c4f8a4a66d6724981f53f59623bcca5384819e167ed808a0b19c9a114][0m[0m
[0m[1mdocker_container.web1: Destruction complete after 1s[0m
[0m[1mdocker_container.web1: Creating...[0m[0m
[0m[1mdocker_container.client: Destruction complete after 1s[0m
[0m[1mdocker_container.client: Creating...[0m[0m
[0m[1mdocker_container.web3: Destruction complete after 1s[0m
[0m[1mdocker_container.haproxy: Destruction complete after 1s[0m
[0m[1mdocker_container.web2: Destruction complete after 1s[0m
[0m[1mdocker_container.web3: Creating...[0m[0m
[0m[1mdocker_container.web2: Creating...[0m[0m
[0m[1mdocker_container.haproxy: Creating...[0m[0m
[0m[1mdocker_container.web1: Creation complete after 0s [id=426947f66cb18d0b0744015ae1c05e415035e47ef31f0ac03bb22e49ee43c5f5][0m
[0m[1mdocker_container.client: Creation complete after 0s [id=3fb29487be98c9e63c1beff2b192773b2ac339417ebd3b0383e6c394af407e31][0m
[0m[1mdocker_container.web3: Creation complete after 0s [id=097f4ceab27baaa7d60acc3310bde8e51c92fd95174b7056ed435b77e4e0505d][0m
[0m[1mdocker_container.web2: Creation complete after 0s [id=257ef10b909090b78f6f3c7c0fbb41d5ec7bb54dc86c80a20409f7d77df13181][0m
[0m[1mdocker_container.haproxy: Creation complete after 0s [id=3c4e0acaaaa112b4629c1025a789c80e217f1a500cc2df9bff90eba14d77fa75][0m
[0m[1m[32m
Apply complete! Resources: 5 added, 0 changed, 5 destroyed.
[0m