[0m[1mdocker_image.nginx_img: Refreshing state... [id=sha256:6769dc3a703c719c1d2756bda113659be28ae16cf0da58dd5fd823d6b9a050eanginx:alpine][0m
[0m[1mdocker_network.labnet: Refreshing state... [id=875b8e8be52b7ead41f825fe5719a1a6c9c633b7c0fb069033de53b374c91460][0m
[0m[1mdocker_container.web3: Refreshing state... [id=0d2a5c5c8904762249ead7de963417a0be26200b9cec38a2ac0ad6bd5cedde81][0m

Terraform used the selected providers to generate the following execution
plan. Resource actions are indicated with the following symbols:
[31m-[0m/[32m+[0m destroy and then create replacement[0m

Terraform will perform the following actions:

[1m  # docker_container.web3[0m must be [1m[31mreplaced[0m
[0m[31m-[0m/[32m+[0m[0m resource "docker_container" "web3" {
      [32m+[0m[0m bridge            = (known after apply)
      [32m+[0m[0m container_logs    = (known after apply)
      [31m-[0m[0m cpu_shares        = 0 [90m-> null[0m[0m
      [33m~[0m[0m dns               = [] -> (known after apply)
      [33m~[0m[0m dns_opts          = [] -> (known after apply)
      [31m-[0m[0m dns_search        = [] [90m-> null[0m[0m
      [33m~[0m[0m entrypoint        = [
          [31m-[0m[0m "/docker-entrypoint.sh",
        ] -> (known after apply)
      [32m+[0m[0m exit_code         = (known after apply)
      [33m~[0m[0m gateway           = "172.28.0.1" -> (known after apply)
      [31m-[0m[0m group_add         = [] [90m-> null[0m[0m
      [33m~[0m[0m hostname          = "0d2a5c5c8904" -> (known after apply)
      [33m~[0m[0m id                = "0d2a5c5c8904762249ead7de963417a0be26200b9cec38a2ac0ad6bd5cedde81" -> (known after apply)
      [33m~[0m[0m ip_address        = "172.28.0.13" -> (known after apply)
      [33m~[0m[0m ip_prefix_length  = 16 -> (known after apply)
      [33m~[0m[0m ipc_mode          = "private" -> (known after apply)
      [31m-[0m[0m links             = [] [90m-> null[0m[0m
      [33m~[0m[0m log_driver        = "json-file" -> (known after apply)
      [33m~[0m[0m log_opts          = {} -> (known after apply)
      [31m-[0m[0m max_retry_count   = 0 [90m-> null[0m[0m
      [31m-[0m[0m memory            = 0 [90m-> null[0m[0m
      [31m-[0m[0m memory_swap       = 0 [90m-> null[0m[0m
        name              = "web3"
      [33m~[0m[0m network_data      = [
          [31m-[0m[0m {
              [31m-[0m[0m gateway          = "172.28.0.1"
              [31m-[0m[0m ip_address       = "172.28.0.13"
              [31m-[0m[0m ip_prefix_length = 16
              [31m-[0m[0m network_name     = "lab3b_net"
            },
        ] -> (known after apply)
      [31m-[0m[0m network_mode      = "bridge" [90m-> null[0m[0m [31m# forces replacement[0m[0m
      [31m-[0m[0m privileged        = false [90m-> null[0m[0m
      [31m-[0m[0m publish_all_ports = false [90m-> null[0m[0m
      [33m~[0m[0m shm_size          = 64 -> (known after apply)
      [31m-[0m[0m sysctls           = {} [90m-> null[0m[0m
      [31m-[0m[0m tmpfs             = {} [90m-> null[0m[0m
      [32m+[0m[0m user              = (known after apply)
      [33m~[0m[0m working_dir       = "/" -> (known after apply)
        [90m# (13 unchanged attributes hidden)[0m[0m

        [90m# (1 unchanged block hidden)[0m[0m
    }

[1mPlan:[0m 1 to add, 0 to change, 1 to destroy.
[0m[0m[1mdocker_container.web3: Destroying... [id=0d2a5c5c8904762249ead7de963417a0be26200b9cec38a2ac0ad6bd5cedde81][0m[0m
[0m[1mdocker_container.web3: Destruction complete after 1s[0m
[0m[1mdocker_container.web3: Creating...[0m[0m
[0m[1mdocker_container.web3: Creation complete after 0s [id=17cc09ea1bdd8b9a728a944030c890abae9ed076c49342c6ffe7a32acdc46bda][0m
[33m╷[0m[0m
[33m│[0m [0m[1m[33mWarning: [0m[0m[1mResource targeting is in effect[0m
[33m│[0m [0m
[33m│[0m [0m[0mYou are creating a plan with the -target option, which means that the result of this plan may not represent all of the changes requested by the current configuration.
[33m│[0m [0m
[33m│[0m [0mThe -target option is not for routine use, and is provided only for exceptional situations such as recovering from errors or mistakes, or when Terraform specifically suggests to use it as part of an error
[33m│[0m [0mmessage.
[33m╵[0m[0m
[33m╷[0m[0m
[33m│[0m [0m[1m[33mWarning: [0m[0m[1mApplied changes may be incomplete[0m
[33m│[0m [0m
[33m│[0m [0m[0mThe plan was created with the -target option in effect, so some changes requested in the configuration may have been ignored and the output values may not be fully updated. Run the following command to
[33m│[0m [0mverify that no other changes are pending:
[33m│[0m [0m    terraform plan
[33m│[0m [0m
[33m│[0m [0mNote that the -target option is not suitable for routine use, and is provided only for exceptional situations such as recovering from errors or mistakes, or when Terraform specifically suggests to use it as
[33m│[0m [0mpart of an error message.
[33m╵[0m[0m
[0m[1m[32m
Apply complete! Resources: 1 added, 0 changed, 1 destroyed.
[0m