[0m[1mdocker_image.web_img: Refreshing state... [id=sha256:cf49c37eb33018fd1660a652da67dcdbdf55996ae3c22bb80cd733dbf8ded8c6nginxdemos/hello:latest][0m
[0m[1mdocker_image.curl: Refreshing state... [id=sha256:e74447e85ef07be8a848a1fb448615df75fa7ca57f6171663fedcac2fe818044curlimages/curl:latest][0m
[0m[1mdocker_image.haproxy_img: Refreshing state... [id=sha256:73c9a6a2e39bb5c805fc9d527f58e5e82f5f51fd44177a04f1f6c540bb976591haproxy:latest][0m
[0m[1mdocker_network.labnet: Refreshing state... [id=ce65a9e09e11ce7a213baa758339806e858753a6c66ae56d71303a3031d7be1c][0m
[0m[1mdocker_container.web2: Refreshing state... [id=c32d1fd9c2d909c6d4641f216b845b4b2d849fa91b97ce9afc8bf4e8d8d829f0][0m
[0m[1mdocker_container.web3: Refreshing state... [id=7c87378305a1285713432ccbd57dc65ce2979ed99bccaf7bf74750d5c446a115][0m
[0m[1mdocker_container.web1: Refreshing state... [id=b37fdab8604b0c373b37049409fc21edb520a3fab4095bcb8b3c67b686b99239][0m
[0m[1mdocker_container.client: Refreshing state... [id=6ae38eac9ed8c5537296a48afa57d854047cc5cd1bfad876f9745007a2d031a1][0m
[0m[1mdocker_container.haproxy: Refreshing state... [id=72f36c17eb90753fd224944626fc834500cbc7d35ff81545c4af118e8c607b2f][0m

Terraform used the selected providers to generate the following execution
plan. Resource actions are indicated with the following symbols:
[31m-[0m/[32m+[0m destroy and then create replacement[0m

Terraform will perform the following actions:

[1m  # docker_container.client[0m must be [1m[31mreplaced[0m
[0m[31m-[0m/[32m+[0m[0m resource "docker_container" "client" {
      [32m+[0m[0m bridge            = (known after apply)
      [32m+[0m[0m container_logs    = (known after apply)
      [31m-[0m[0m cpu_shares        = 0 [90m-> null[0m[0m
      [33m~[0m[0m dns               = [] -> (known after apply)
      [33m~[0m[0m dns_opts          = [] -> (known after apply)
      [31m-[0m[0m dns_search        = [] [90m-> null[0m[0m
      [33m~[0m[0m entrypoint        = [
          [31m-[0m[0m "/entrypoint.sh",
        ] -> (known after apply)
      [32m+[0m[0m exit_code         = (known after apply)
      [33m~[0m[0m gateway           = "172.28.0.1" -> (known after apply)
      [31m-[0m[0m group_add         = [] [90m-> null[0m[0m
      [33m~[0m[0m hostname          = "6ae38eac9ed8" -> (known after apply)
      [33m~[0m[0m id                = "6ae38eac9ed8c5537296a48afa57d854047cc5cd1bfad876f9745007a2d031a1" -> (known after apply)
      [33m~[0m[0m image             = "sha256:e74447e85ef07be8a848a1fb448615df75fa7ca57f6171663fedcac2fe818044" [33m->[0m[0m "curlimages/curl:latest" [31m# forces replacement[0m[0m
      [33m~[0m[0m ip_address        = "172.28.0.20" -> (known after apply)
      [33m~[0m[0m ip_prefix_length  = 16 -> (known after apply)
      [33m~[0m[0m ipc_mode          = "private" -> (known after apply)
      [31m-[0m[0m links             = [] [90m-> null[0m[0m
      [33m~[0m[0m log_driver        = "json-file" -> (known after apply)
      [33m~[0m[0m log_opts          = {} -> (known after apply)
      [31m-[0m[0m max_retry_count   = 0 [90m-> null[0m[0m
      [31m-[0m[0m memory            = 0 [90m-> null[0m[0m
      [31m-[0m[0m memory_swap       = 0 [90m-> null[0m[0m
        name              = "client"
      [33m~[0m[0m network_data      = [
          [31m-[0m[0m {
              [31m-[0m[0m gateway          = "172.28.0.1"
              [31m-[0m[0m ip_address       = "172.28.0.20"
              [31m-[0m[0m ip_prefix_length = 16
              [31m-[0m[0m network_name     = "lab3b_net"
            },
        ] -> (known after apply)
      [31m-[0m[0m network_mode      = "bridge" [90m-> null[0m[0m [31m# forces replacement[0m[0m
      [31m-[0m[0m privileged        = false [90m-> null[0m[0m
      [31m-[0m[0m publish_all_ports = false [90m-> null[0m[0m
      [33m~[0m[0m shm_size          = 64 -> (known after apply)
      [31m-[0m[0m sysctls           = {} [90m-> null[0m[0m
      [31m-[0m[0m tmpfs             = {} [90m-> null[0m[0m
      [33m~[0m[0m user              = "curl_user" -> (known after apply)
      [33m~[0m[0m working_dir       = "/home/curl_user" -> (known after apply)
        [90m# (12 unchanged attributes hidden)[0m[0m

        [90m# (1 unchanged block hidden)[0m[0m
    }

[1m  # docker_container.haproxy[0m must be [1m[31mreplaced[0m
[0m[31m-[0m/[32m+[0m[0m resource "docker_container" "haproxy" {
      [32m+[0m[0m bridge            = (known after apply)
      [33m~[0m[0m command           = [
          [31m-[0m[0m "haproxy",
          [31m-[0m[0m "-f",
          [31m-[0m[0m "/usr/local/etc/haproxy/haproxy.cfg",
        ] -> (known after apply)
      [32m+[0m[0m container_logs    = (known after apply)
      [31m-[0m[0m cpu_shares        = 0 [90m-> null[0m[0m
      [33m~[0m[0m dns               = [] -> (known after apply)
      [33m~[0m[0m dns_opts          = [] -> (known after apply)
      [31m-[0m[0m dns_search        = [] [90m-> null[0m[0m
      [33m~[0m[0m entrypoint        = [
          [31m-[0m[0m "docker-entrypoint.sh",
        ] -> (known after apply)
      [32m+[0m[0m exit_code         = (known after apply)
      [33m~[0m[0m gateway           = "172.28.0.1" -> (known after apply)
      [31m-[0m[0m group_add         = [] [90m-> null[0m[0m
      [33m~[0m[0m hostname          = "72f36c17eb90" -> (known after apply)
      [33m~[0m[0m id                = "72f36c17eb90753fd224944626fc834500cbc7d35ff81545c4af118e8c607b2f" -> (known after apply)
      [33m~[0m[0m image             = "sha256:73c9a6a2e39bb5c805fc9d527f58e5e82f5f51fd44177a04f1f6c540bb976591" [33m->[0m[0m "haproxy:latest" [31m# forces replacement[0m[0m
      [33m~[0m[0m ip_address        = "172.28.0.10" -> (known after apply)
      [33m~[0m[0m ip_prefix_length  = 16 -> (known after apply)
      [33m~[0m[0m ipc_mode          = "private" -> (known after apply)
      [31m-[0m[0m links             = [] [90m-> null[0m[0m
      [33m~[0m[0m log_driver        = "json-file" -> (known after apply)
      [33m~[0m[0m log_opts          = {} -> (known after apply)
      [31m-[0m[0m max_retry_count   = 0 [90m-> null[0m[0m
      [31m-[0m[0m memory            = 0 [90m-> null[0m[0m
      [31m-[0m[0m memory_swap       = 0 [90m-> null[0m[0m
        name              = "haproxy"
      [33m~[0m[0m network_data      = [
          [31m-[0m[0m {
              [31m-[0m[0m gateway          = "172.28.0.1"
              [31m-[0m[0m ip_address       = "172.28.0.10"
              [31m-[0m[0m ip_prefix_length = 16
              [31m-[0m[0m network_name     = "lab3b_net"
            },
        ] -> (known after apply)
      [31m-[0m[0m network_mode      = "bridge" [90m-> null[0m[0m [31m# forces replacement[0m[0m
      [31m-[0m[0m privileged        = false [90m-> null[0m[0m
      [31m-[0m[0m publish_all_ports = false [90m-> null[0m[0m
      [33m~[0m[0m shm_size          = 64 -> (known after apply)
      [31m-[0m[0m sysctls           = {} [90m-> null[0m[0m
      [31m-[0m[0m tmpfs             = {} [90m-> null[0m[0m
      [33m~[0m[0m user              = "haproxy" -> (known after apply)
      [33m~[0m[0m working_dir       = "/var/lib/haproxy" -> (known after apply)
        [90m# (11 unchanged attributes hidden)[0m[0m

      [31m-[0m[0m volumes {
          [31m-[0m[0m container_path = "/usr/local/etc/haproxy/haproxy.cfg" [90m-> null[0m[0m
          [31m-[0m[0m host_path      = "/home/jbras/network-virtualization/terraform/haproxy.cfg" [90m-> null[0m[0m
          [31m-[0m[0m read_only      = false [90m-> null[0m[0m
            [90m# (2 unchanged attributes hidden)[0m[0m
        }
      [32m+[0m[0m volumes {
          [32m+[0m[0m container_path = "/usr/local/etc/haproxy/haproxy.cfg"
          [32m+[0m[0m host_path      = "/home/jbras/network-virtualization/terraform/haproxy.cfg"
            [90m# (2 unchanged attributes hidden)[0m[0m
        }

        [90m# (2 unchanged blocks hidden)[0m[0m
    }

[1m  # docker_container.web1[0m must be [1m[31mreplaced[0m
[0m[31m-[0m/[32m+[0m[0m resource "docker_container" "web1" {
      [32m+[0m[0m bridge            = (known after apply)
      [33m~[0m[0m command           = [
          [31m-[0m[0m "nginx",
          [31m-[0m[0m "-g",
          [31m-[0m[0m "daemon off;",
        ] -> (known after apply)
      [32m+[0m[0m container_logs    = (known after apply)
      [31m-[0m[0m cpu_shares        = 0 [90m-> null[0m[0m
      [33m~[0m[0m dns               = [] -> (known after apply)
      [33m~[0m[0m dns_opts          = [] -> (known after apply)
      [31m-[0m[0m dns_search        = [] [90m-> null[0m[0m
      [33m~[0m[0m entrypoint        = [
          [31m-[0m[0m "/docker-entrypoint.sh",
        ] -> (known after apply)
      [32m+[0m[0m exit_code         = (known after apply)
      [33m~[0m[0m gateway           = "172.28.0.1" -> (known after apply)
      [31m-[0m[0m group_add         = [] [90m-> null[0m[0m
      [33m~[0m[0m hostname          = "b37fdab8604b" -> (known after apply)
      [33m~[0m[0m id                = "b37fdab8604b0c373b37049409fc21edb520a3fab4095bcb8b3c67b686b99239" -> (known after apply)
      [33m~[0m[0m image             = "sha256:cf49c37eb33018fd1660a652da67dcdbdf55996ae3c22bb80cd733dbf8ded8c6" [33m->[0m[0m "nginxdemos/hello:latest" [31m# forces replacement[0m[0m
      [33m~[0m[0m ip_address        = "172.28.0.11" -> (known after apply)
      [33m~[0m[0m ip_prefix_length  = 16 -> (known after apply)
      [33m~[0m[0m ipc_mode          = "private" -> (known after apply)
      [31m-[0m[0m links             = [] [90m-> null[0m[0m
      [33m~[0m[0m log_driver        = "json-file" -> (known after apply)
      [33m~[0m[0m log_opts          = {} -> (known after apply)
      [31m-[0m[0m max_retry_count   = 0 [90m-> null[0m[0m
      [31m-[0m[0m memory            = 0 [90m-> null[0m[0m
      [31m-[0m[0m memory_swap       = 0 [90m-> null[0m[0m
        name              = "web1"
      [33m~[0m[0m network_data      = [
          [31m-[0m[0m {
              [31m-[0m[0m gateway          = "172.28.0.1"
              [31m-[0m[0m ip_address       = "172.28.0.11"
              [31m-[0m[0m ip_prefix_length = 16
              [31m-[0m[0m network_name     = "lab3b_net"
            },
        ] -> (known after apply)
      [31m-[0m[0m network_mode      = "bridge" [90m-> null[0m[0m [31m# forces replacement[0m[0m
      [31m-[0m[0m privileged        = false [90m-> null[0m[0m
      [31m-[0m[0m publish_all_ports = false [90m-> null[0m[0m
      [33m~[0m[0m shm_size          = 64 -> (known after apply)
      [31m-[0m[0m sysctls           = {} [90m-> null[0m[0m
      [31m-[0m[0m tmpfs             = {} [90m-> null[0m[0m
      [32m+[0m[0m user              = (known after apply)
      [33m~[0m[0m working_dir       = "/" -> (known after apply)
        [90m# (11 unchanged attributes hidden)[0m[0m

        [90m# (1 unchanged block hidden)[0m[0m
    }

[1m  # docker_container.web2[0m must be [1m[31mreplaced[0m
[0m[31m-[0m/[32m+[0m[0m resource "docker_container" "web2" {
      [32m+[0m[0m bridge            = (known after apply)
      [33m~[0m[0m command           = [
          [31m-[0m[0m "nginx",
          [31m-[0m[0m "-g",
          [31m-[0m[0m "daemon off;",
        ] -> (known after apply)
      [32m+[0m[0m container_logs    = (known after apply)
      [31m-[0m[0m cpu_shares        = 0 [90m-> null[0m[0m
      [33m~[0m[0m dns               = [] -> (known after apply)
      [33m~[0m[0m dns_opts          = [] -> (known after apply)
      [31m-[0m[0m dns_search        = [] [90m-> null[0m[0m
      [33m~[0m[0m entrypoint        = [
          [31m-[0m[0m "/docker-entrypoint.sh",
        ] -> (known after apply)
      [32m+[0m[0m exit_code         = (known after apply)
      [33m~[0m[0m gateway           = "172.28.0.1" -> (known after apply)
      [31m-[0m[0m group_add         = [] [90m-> null[0m[0m
      [33m~[0m[0m hostname          = "c32d1fd9c2d9" -> (known after apply)
      [33m~[0m[0m id                = "c32d1fd9c2d909c6d4641f216b845b4b2d849fa91b97ce9afc8bf4e8d8d829f0" -> (known after apply)
      [33m~[0m[0m image             = "sha256:cf49c37eb33018fd1660a652da67dcdbdf55996ae3c22bb80cd733dbf8ded8c6" [33m->[0m[0m "nginxdemos/hello:latest" [31m# forces replacement[0m[0m
      [33m~[0m[0m ip_address        = "172.28.0.12" -> (known after apply)
      [33m~[0m[0m ip_prefix_length  = 16 -> (known after apply)
      [33m~[0m[0m ipc_mode          = "private" -> (known after apply)
      [31m-[0m[0m links             = [] [90m-> null[0m[0m
      [33m~[0m[0m log_driver        = "json-file" -> (known after apply)
      [33m~[0m[0m log_opts          = {} -> (known after apply)
      [31m-[0m[0m max_retry_count   = 0 [90m-> null[0m[0m
      [31m-[0m[0m memory            = 0 [90m-> null[0m[0m
      [31m-[0m[0m memory_swap       = 0 [90m-> null[0m[0m
        name              = "web2"
      [33m~[0m[0m network_data      = [
          [31m-[0m[0m {
              [31m-[0m[0m gateway          = "172.28.0.1"
              [31m-[0m[0m ip_address       = "172.28.0.12"
              [31m-[0m[0m ip_prefix_length = 16
              [31m-[0m[0m network_name     = "lab3b_net"
            },
        ] -> (known after apply)
      [31m-[0m[0m network_mode      = "bridge" [90m-> null[0m[0m [31m# forces replacement[0m[0m
      [31m-[0m[0m privileged        = false [90m-> null[0m[0m
      [31m-[0m[0m publish_all_ports = false [90m-> null[0m[0m
      [33m~[0m[0m shm_size          = 64 -> (known after apply)
      [31m-[0m[0m sysctls           = {} [90m-> null[0m[0m
      [31m-[0m[0m tmpfs             = {} [90m-> null[0m[0m
      [32m+[0m[0m user              = (known after apply)
      [33m~[0m[0m working_dir       = "/" -> (known after apply)
        [90m# (11 unchanged attributes hidden)[0m[0m

        [90m# (1 unchanged block hidden)[0m[0m
    }

[1m  # docker_container.web3[0m must be [1m[31mreplaced[0m
[0m[31m-[0m/[32m+[0m[0m resource "docker_container" "web3" {
      [32m+[0m[0m bridge            = (known after apply)
      [33m~[0m[0m command           = [
          [31m-[0m[0m "nginx",
          [31m-[0m[0m "-g",
          [31m-[0m[0m "daemon off;",
        ] -> (known after apply)
      [32m+[0m[0m container_logs    = (known after apply)
      [31m-[0m[0m cpu_shares        = 0 [90m-> null[0m[0m
      [33m~[0m[0m dns               = [] -> (known after apply)
      [33m~[0m[0m dns_opts          = [] -> (known after apply)
      [31m-[0m[0m dns_search        = [] [90m-> null[0m[0m
      [33m~[0m[0m entrypoint        = [
          [31m-[0m[0m "/docker-entrypoint.sh",
        ] -> (known after apply)
      [32m+[0m[0m exit_code         = (known after apply)
      [33m~[0m[0m gateway           = "172.28.0.1" -> (known after apply)
      [31m-[0m[0m group_add         = [] [90m-> null[0m[0m
      [33m~[0m[0m hostname          = "7c87378305a1" -> (known after apply)
      [33m~[0m[0m id                = "7c87378305a1285713432ccbd57dc65ce2979ed99bccaf7bf74750d5c446a115" -> (known after apply)
      [33m~[0m[0m image             = "sha256:cf49c37eb33018fd1660a652da67dcdbdf55996ae3c22bb80cd733dbf8ded8c6" [33m->[0m[0m "nginxdemos/hello:latest" [31m# forces replacement[0m[0m
      [33m~[0m[0m ip_address        = "172.28.0.13" -> (known after apply)
      [33m~[0m[0m ip_prefix_length  = 16 -> (known after apply)
      [33m~[0m[0m ipc_mode          = "private" -> (known after apply)
      [31m-[0m[0m links             = [] [90m-> null[0m[0m
      [33m~[0m[0m log_driver        = "json-file" -> (known after apply)
      [33m~[0m[0m log_opts          = {} -> (known after apply)
      [31m-[0m[0m max_retry_count   = 0 [90m-> null[0m[0m
      [31m-[0m[0m memory            = 0 [90m-> null[0m[0m
      [31m-[0m[0m memory_swap       = 0 [90m-> null[0m[0m
        name              = "web3"
      [33m~[0m[0m network_data      = [
          [31m-[0m[0m {
              [31m-[0m[0m gateway          = "172.28.0.1"
              [31m-[0m[0m ip_address       = "172.28.0.13"
              [31m-[0m[0m ip_prefix_length = 16
              [31m-[0m[0m network_name     = "lab3b_net"
            },
        ] -> (known after apply)
      [31m-[0m[0m network_mode      = "bridge" [90m-> null[0m[0m [31m# forces replacement[0m[0m
      [31m-[0m[0m privileged        = false [90m-> null[0m[0m
      [31m-[0m[0m publish_all_ports = false [90m-> null[0m[0m
      [33m~[0m[0m shm_size          = 64 -> (known after apply)
      [31m-[0m[0m sysctls           = {} [90m-> null[0m[0m
      [31m-[0m[0m tmpfs             = {} [90m-> null[0m[0m
      [32m+[0m[0m user              = (known after apply)
      [33m~[0m[0m working_dir       = "/" -> (known after apply)
        [90m# (11 unchanged attributes hidden)[0m[0m

        [90m# (1 unchanged block hidden)[0m[0m
    }

[1mPlan:[0m 5 to add, 0 to change, 5 to destroy.
[0m[0m[1mdocker_container.web1: Destroying... [id=b37fdab8604b0c373b37049409fc21edb520a3fab4095bcb8b3c67b686b99239][0m[0m
[0m[1mdocker_container.web2: Destroying... [id=c32d1fd9c2d909c6d4641f216b845b4b2d849fa91b97ce9afc8bf4e8d8d829f0][0m[0m
[0m[1mdocker_container.haproxy: Destroying... [id=72f36c17eb90753fd224944626fc834500cbc7d35ff81545c4af118e8c607b2f][0m[0m
[0m[1mdocker_container.web3: Destroying... [id=7c87378305a1285713432ccbd57dc65ce2979ed99bccaf7bf74750d5c446a115][0m[0m
[0m[1mdocker_container.client: Destroying... [id=6ae38eac9ed8c5537296a48afa57d854047cc5cd1bfad876f9745007a2d031a1][0m[0m
[0m[1mdocker_container.client: Destruction complete after 0s[0m
[0m[1mdocker_container.client: Creating...[0m[0m
[0m[1mdocker_container.web2: Destruction complete after 0s[0m
[0m[1mdocker_container.web2: Creating...[0m[0m
[0m[1mdocker_container.haproxy: Destruction complete after 0s[0m
[0m[1mdocker_container.web3: Destruction complete after 0s[0m
[0m[1mdocker_container.web3: Creating...[0m[0m
[0m[1mdocker_container.haproxy: Creating...[0m[0m
[0m[1mdocker_container.web1: Destruction complete after 0s[0m
[0m[1mdocker_container.web1: Creating...[0m[0m
[0m[1mdocker_container.client: Creation complete after 0s [id=cc1a0d3a1116d73a4abeb85165d2348168fe1131c431d446dba5305457166179][0m
[0m[1mdocker_container.web2: Creation complete after 0s [id=18e829e6c4de525946e5f3302f1a3c3e0942524147349823ff237812f8b4ff84][0m
[0m[1mdocker_container.web3: Creation complete after 0s [id=d1da707ab56fcf367951300f93476f891fb0d13f66fc8435b12985e1d8c8ca90][0m
[0m[1mdocker_container.web1: Creation complete after 0s [id=07193b5bceef8554afdd6eee6d976e4d5474a9b3d6551f1cc3552b5b2b82dc94][0m
[0m[1mdocker_container.haproxy: Creation complete after 0s [id=60dbb40f19b0ba721ac2e06df5cfc17b094f8c55fa3185f8c49cc3ab1af8b591][0m
[0m[1m[32m
Apply complete! Resources: 5 added, 0 changed, 5 destroyed.
[0m