[0m[1mdocker_image.nginx_img: Refreshing state... [id=sha256:6769dc3a703c719c1d2756bda113659be28ae16cf0da58dd5fd823d6b9a050eanginx:alpine][0m
[0m[1mdocker_network.labnet: Refreshing state... [id=71cc12afcf1f7786b29239706c8805b5f7f0bddbd359a7cf999ac3035b921ea9][0m

Terraform used the selected providers to generate the following execution
plan. Resource actions are indicated with the following symbols:
  [32m+[0m create[0m

Terraform will perform the following actions:

[1m  # docker_container.web3[0][0m will be created
[0m  [32m+[0m[0m resource "docker_container" "web3" {
      [32m+[0m[0m attach           = false
      [32m+[0m[0m bridge           = (known after apply)
      [32m+[0m[0m command          = [
          [32m+[0m[0m "/bin/sh",
          [32m+[0m[0m "-c",
          [32m+[0m[0m <<-EOT
                IP="$(hostname -i)"
                cat <<EOF > /usr/share/nginx/html/index.html
                <!DOCTYPE html>
                <html><head><title>Served by ${IP}</title></head>
                <body><h1>${IP}</h1></body></html>
                EOF
                exec nginx -g 'daemon off;'
            EOT,
        ]
      [32m+[0m[0m container_logs   = (known after apply)
      [32m+[0m[0m dns              = (known after apply)
      [32m+[0m[0m dns_opts         = (known after apply)
      [32m+[0m[0m entrypoint       = (known after apply)
      [32m+[0m[0m exit_code        = (known after apply)
      [32m+[0m[0m gateway          = (known after apply)
      [32m+[0m[0m hostname         = (known after apply)
      [32m+[0m[0m id               = (known after apply)
      [32m+[0m[0m image            = "sha256:6769dc3a703c719c1d2756bda113659be28ae16cf0da58dd5fd823d6b9a050ea"
      [32m+[0m[0m ip_address       = (known after apply)
      [32m+[0m[0m ip_prefix_length = (known after apply)
      [32m+[0m[0m ipc_mode         = (known after apply)
      [32m+[0m[0m log_driver       = (known after apply)
      [32m+[0m[0m log_opts         = (known after apply)
      [32m+[0m[0m logs             = false
      [32m+[0m[0m must_run         = true
      [32m+[0m[0m name             = "web3"
      [32m+[0m[0m network_data     = (known after apply)
      [32m+[0m[0m read_only        = false
      [32m+[0m[0m restart          = "no"
      [32m+[0m[0m rm               = false
      [32m+[0m[0m shm_size         = (known after apply)
      [32m+[0m[0m start            = true
      [32m+[0m[0m user             = (known after apply)
      [32m+[0m[0m working_dir      = (known after apply)

      [32m+[0m[0m networks_advanced {
          [32m+[0m[0m aliases      = []
          [32m+[0m[0m ipv4_address = "172.28.0.13"
          [32m+[0m[0m name         = "lab3b_net"
            [90m# (1 unchanged attribute hidden)[0m[0m
        }
    }

[1mPlan:[0m 1 to add, 0 to change, 0 to destroy.
[0m[33m╷[0m[0m
[33m│[0m [0m[1m[33mWarning: [0m[0m[1mResource targeting is in effect[0m
[33m│[0m [0m
[33m│[0m [0m[0mYou are creating a plan with the -target option, which means that the result of this plan may not represent all of the changes requested by the current configuration.
[33m│[0m [0m
[33m│[0m [0mThe -target option is not for routine use, and is provided only for exceptional situations such as recovering from errors or mistakes, or when Terraform specifically suggests to use it as part of an error
[33m│[0m [0mmessage.
[33m╵[0m[0m
[90m
─────────────────────────────────────────────────────────────────────────────[0m

Note: You didn't use the -out option to save this plan, so Terraform can't
guarantee to take exactly these actions if you run "terraform apply" now.
