[0m[1mdocker_image.curl: Refreshing state... [id=sha256:e74447e85ef07be8a848a1fb448615df75fa7ca57f6171663fedcac2fe818044curlimages/curl:latest][0m
[0m[1mdocker_image.haproxy_img: Refreshing state... [id=sha256:73c9a6a2e39bb5c805fc9d527f58e5e82f5f51fd44177a04f1f6c540bb976591haproxy:latest][0m
[0m[1mdocker_image.web_img: Refreshing state... [id=sha256:cf49c37eb33018fd1660a652da67dcdbdf55996ae3c22bb80cd733dbf8ded8c6nginxdemos/hello:latest][0m
[0m[1mdocker_network.labnet: Refreshing state... [id=8eb1ad521a3f600c2ef2d059d5cce82717ff4cfa0707b1298595065b166fc3c1][0m
[0m[1mdocker_container.haproxy: Refreshing state... [id=b2df99574c1b84ad60639b430468d916c93107e09759fa5fb58931dd1fd1c91e][0m
[0m[1mdocker_container.web1: Refreshing state... [id=dc4e754c66299a2a6633e488a7d977d1913cd29a8a0f860ff546b3647e85076a][0m
[0m[1mdocker_container.web2: Refreshing state... [id=b1d623821ab87655aaee576c38e80b74627c38703f951e397d4826ef1163a264][0m
[0m[1mdocker_container.client: Refreshing state... [id=45b1a1de3839667c5c6ccce9dac8b693119360cc668558b5488bc9b52fb2a0e7][0m
[0m[1mdocker_container.web3: Refreshing state... [id=5d7f077a87d939a678c51f58c4071a968e5b016f5a1f71c408097f0c7bd0d19d][0m

Terraform used the selected providers to generate the following execution
plan. Resource actions are indicated with the following symbols:
[31m-[0m/[32m+[0m destroy and then create replacement[0m

Terraform will perform the following actions:

[1m  # docker_container.client[0m must be [1m[31mreplaced[0m
[0m[31m-[0m/[32m+[0m[0m resource "docker_container" "client" {
      [32m+[0m[0m bridge            = (known after apply)
      [32m+[0m[0m container_logs    = (known after apply)
      [31m-[0m[0m cpu_shares        = 0 [90m-> null[0m[0m
      [33m~[0m[0m dns               = [] -> (known after apply)
      [33m~[0m[0m dns_opts          = [] -> (known after apply)
      [31m-[0m[0m dns_search        = [] [90m-> null[0m[0m
      [33m~[0m[0m entrypoint        = [
          [31m-[0m[0m "/entrypoint.sh",
        ] -> (known after apply)
      [32m+[0m[0m exit_code         = (known after apply)
      [33m~[0m[0m gateway           = "172.28.0.1" -> (known after apply)
      [31m-[0m[0m group_add         = [] [90m-> null[0m[0m
      [33m~[0m[0m hostname          = "45b1a1de3839" -> (known after apply)
      [33m~[0m[0m id                = "45b1a1de3839667c5c6ccce9dac8b693119360cc668558b5488bc9b52fb2a0e7" -> (known after apply)
      [33m~[0m[0m image             = "sha256:e74447e85ef07be8a848a1fb448615df75fa7ca57f6171663fedcac2fe818044" [33m->[0m[0m "curlimages/curl:latest" [31m# forces replacement[0m[0m
      [33m~[0m[0m ip_address        = "172.28.0.20" -> (known after apply)
      [33m~[0m[0m ip_prefix_length  = 16 -> (known after apply)
      [33m~[0m[0m ipc_mode          = "private" -> (known after apply)
      [31m-[0m[0m links             = [] [90m-> null[0m[0m
      [33m~[0m[0m log_driver        = "json-file" -> (known after apply)
      [33m~[0m[0m log_opts          = {} -> (known after apply)
      [31m-[0m[0m max_retry_count   = 0 [90m-> null[0m[0m
      [31m-[0m[0m memory            = 0 [90m-> null[0m[0m
      [31m-[0m[0m memory_swap       = 0 [90m-> null[0m[0m
        name              = "client"
      [33m~[0m[0m network_data      = [
          [31m-[0m[0m {
              [31m-[0m[0m gateway          = "172.28.0.1"
              [31m-[0m[0m ip_address       = "172.28.0.20"
              [31m-[0m[0m ip_prefix_length = 16
              [31m-[0m[0m network_name     = "lab3b_net"
            },
        ] -> (known after apply)
      [31m-[0m[0m network_mode      = "bridge" [90m-> null[0m[0m [31m# forces replacement[0m[0m
      [31m-[0m[0m privileged        = false [90m-> null[0m[0m
      [31m-[0m[0m publish_all_ports = false [90m-> null[0m[0m
      [33m~[0m[0m shm_size          = 64 -> (known after apply)
      [31m-[0m[0m sysctls           = {} [90m-> null[0m[0m
      [31m-[0m[0m tmpfs             = {} [90m-> null[0m[0m
      [33m~[0m[0m user              = "curl_user" -> (known after apply)
      [33m~[0m[0m working_dir       = "/home/curl_user" -> (known after apply)
        [90m# (12 unchanged attributes hidden)[0m[0m

        [90m# (1 unchanged block hidden)[0m[0m
    }

[1m  # docker_container.haproxy[0m must be [1m[31mreplaced[0m
[0m[31m-[0m/[32m+[0m[0m resource "docker_container" "haproxy" {
      [32m+[0m[0m bridge            = (known after apply)
      [33m~[0m[0m command           = [
          [31m-[0m[0m "haproxy",
          [31m-[0m[0m "-f",
          [31m-[0m[0m "/usr/local/etc/haproxy/haproxy.cfg",
        ] -> (known after apply)
      [32m+[0m[0m container_logs    = (known after apply)
      [31m-[0m[0m cpu_shares        = 0 [90m-> null[0m[0m
      [33m~[0m[0m dns               = [] -> (known after apply)
      [33m~[0m[0m dns_opts          = [] -> (known after apply)
      [31m-[0m[0m dns_search        = [] [90m-> null[0m[0m
      [33m~[0m[0m entrypoint        = [
          [31m-[0m[0m "docker-entrypoint.sh",
        ] -> (known after apply)
      [32m+[0m[0m exit_code         = (known after apply)
      [33m~[0m[0m gateway           = "172.28.0.1" -> (known after apply)
      [31m-[0m[0m group_add         = [] [90m-> null[0m[0m
      [33m~[0m[0m hostname          = "b2df99574c1b" -> (known after apply)
      [33m~[0m[0m id                = "b2df99574c1b84ad60639b430468d916c93107e09759fa5fb58931dd1fd1c91e" -> (known after apply)
      [33m~[0m[0m image             = "sha256:73c9a6a2e39bb5c805fc9d527f58e5e82f5f51fd44177a04f1f6c540bb976591" [33m->[0m[0m "haproxy:latest" [31m# forces replacement[0m[0m
      [33m~[0m[0m ip_address        = "172.28.0.10" -> (known after apply)
      [33m~[0m[0m ip_prefix_length  = 16 -> (known after apply)
      [33m~[0m[0m ipc_mode          = "private" -> (known after apply)
      [31m-[0m[0m links             = [] [90m-> null[0m[0m
      [33m~[0m[0m log_driver        = "json-file" -> (known after apply)
      [33m~[0m[0m log_opts          = {} -> (known after apply)
      [31m-[0m[0m max_retry_count   = 0 [90m-> null[0m[0m
      [31m-[0m[0m memory            = 0 [90m-> null[0m[0m
      [31m-[0m[0m memory_swap       = 0 [90m-> null[0m[0m
        name              = "haproxy"
      [33m~[0m[0m network_data      = [
          [31m-[0m[0m {
              [31m-[0m[0m gateway          = "172.28.0.1"
              [31m-[0m[0m ip_address       = "172.28.0.10"
              [31m-[0m[0m ip_prefix_length = 16
              [31m-[0m[0m network_name     = "lab3b_net"
            },
        ] -> (known after apply)
      [31m-[0m[0m network_mode      = "bridge" [90m-> null[0m[0m [31m# forces replacement[0m[0m
      [31m-[0m[0m privileged        = false [90m-> null[0m[0m
      [31m-[0m[0m publish_all_ports = false [90m-> null[0m[0m
      [33m~[0m[0m shm_size          = 64 -> (known after apply)
      [31m-[0m[0m sysctls           = {} [90m-> null[0m[0m
      [31m-[0m[0m tmpfs             = {} [90m-> null[0m[0m
      [33m~[0m[0m user              = "haproxy" -> (known after apply)
      [33m~[0m[0m working_dir       = "/var/lib/haproxy" -> (known after apply)
        [90m# (11 unchanged attributes hidden)[0m[0m

      [31m-[0m[0m volumes {
          [31m-[0m[0m container_path = "/usr/local/etc/haproxy/haproxy.cfg" [90m-> null[0m[0m
          [31m-[0m[0m host_path      = "/home/jbras/network-virtualization/terraform/haproxy.cfg" [90m-> null[0m[0m
          [31m-[0m[0m read_only      = false [90m-> null[0m[0m
            [90m# (2 unchanged attributes hidden)[0m[0m
        }
      [32m+[0m[0m volumes {
          [32m+[0m[0m container_path = "/usr/local/etc/haproxy/haproxy.cfg"
          [32m+[0m[0m host_path      = "/home/jbras/network-virtualization/terraform/haproxy.cfg"
            [90m# (2 unchanged attributes hidden)[0m[0m
        }

        [90m# (2 unchanged blocks hidden)[0m[0m
    }

[1m  # docker_container.web1[0m must be [1m[31mreplaced[0m
[0m[31m-[0m/[32m+[0m[0m resource "docker_container" "web1" {
      [32m+[0m[0m bridge            = (known after apply)
      [33m~[0m[0m command           = [
          [31m-[0m[0m "nginx",
          [31m-[0m[0m "-g",
          [31m-[0m[0m "daemon off;",
        ] -> (known after apply)
      [32m+[0m[0m container_logs    = (known after apply)
      [31m-[0m[0m cpu_shares        = 0 [90m-> null[0m[0m
      [33m~[0m[0m dns               = [] -> (known after apply)
      [33m~[0m[0m dns_opts          = [] -> (known after apply)
      [31m-[0m[0m dns_search        = [] [90m-> null[0m[0m
      [33m~[0m[0m entrypoint        = [
          [31m-[0m[0m "/docker-entrypoint.sh",
        ] -> (known after apply)
      [32m+[0m[0m exit_code         = (known after apply)
      [33m~[0m[0m gateway           = "172.28.0.1" -> (known after apply)
      [31m-[0m[0m group_add         = [] [90m-> null[0m[0m
      [33m~[0m[0m hostname          = "dc4e754c6629" -> (known after apply)
      [33m~[0m[0m id                = "dc4e754c66299a2a6633e488a7d977d1913cd29a8a0f860ff546b3647e85076a" -> (known after apply)
      [33m~[0m[0m image             = "sha256:cf49c37eb33018fd1660a652da67dcdbdf55996ae3c22bb80cd733dbf8ded8c6" [33m->[0m[0m "nginxdemos/hello:latest" [31m# forces replacement[0m[0m
      [33m~[0m[0m ip_address        = "172.28.0.11" -> (known after apply)
      [33m~[0m[0m ip_prefix_length  = 16 -> (known after apply)
      [33m~[0m[0m ipc_mode          = "private" -> (known after apply)
      [31m-[0m[0m links             = [] [90m-> null[0m[0m
      [33m~[0m[0m log_driver        = "json-file" -> (known after apply)
      [33m~[0m[0m log_opts          = {} -> (known after apply)
      [31m-[0m[0m max_retry_count   = 0 [90m-> null[0m[0m
      [31m-[0m[0m memory            = 0 [90m-> null[0m[0m
      [31m-[0m[0m memory_swap       = 0 [90m-> null[0m[0m
        name              = "web1"
      [33m~[0m[0m network_data      = [
          [31m-[0m[0m {
              [31m-[0m[0m gateway          = "172.28.0.1"
              [31m-[0m[0m ip_address       = "172.28.0.11"
              [31m-[0m[0m ip_prefix_length = 16
              [31m-[0m[0m network_name     = "lab3b_net"
            },
        ] -> (known after apply)
      [31m-[0m[0m network_mode      = "bridge" [90m-> null[0m[0m [31m# forces replacement[0m[0m
      [31m-[0m[0m privileged        = false [90m-> null[0m[0m
      [31m-[0m[0m publish_all_ports = false [90m-> null[0m[0m
      [33m~[0m[0m shm_size          = 64 -> (known after apply)
      [31m-[0m[0m sysctls           = {} [90m-> null[0m[0m
      [31m-[0m[0m tmpfs             = {} [90m-> null[0m[0m
      [32m+[0m[0m user              = (known after apply)
      [33m~[0m[0m working_dir       = "/" -> (known after apply)
        [90m# (11 unchanged attributes hidden)[0m[0m

        [90m# (1 unchanged block hidden)[0m[0m
    }

[1m  # docker_container.web2[0m must be [1m[31mreplaced[0m
[0m[31m-[0m/[32m+[0m[0m resource "docker_container" "web2" {
      [32m+[0m[0m bridge            = (known after apply)
      [33m~[0m[0m command           = [
          [31m-[0m[0m "nginx",
          [31m-[0m[0m "-g",
          [31m-[0m[0m "daemon off;",
        ] -> (known after apply)
      [32m+[0m[0m container_logs    = (known after apply)
      [31m-[0m[0m cpu_shares        = 0 [90m-> null[0m[0m
      [33m~[0m[0m dns               = [] -> (known after apply)
      [33m~[0m[0m dns_opts          = [] -> (known after apply)
      [31m-[0m[0m dns_search        = [] [90m-> null[0m[0m
      [33m~[0m[0m entrypoint        = [
          [31m-[0m[0m "/docker-entrypoint.sh",
        ] -> (known after apply)
      [32m+[0m[0m exit_code         = (known after apply)
      [33m~[0m[0m gateway           = "172.28.0.1" -> (known after apply)
      [31m-[0m[0m group_add         = [] [90m-> null[0m[0m
      [33m~[0m[0m hostname          = "b1d623821ab8" -> (known after apply)
      [33m~[0m[0m id                = "b1d623821ab87655aaee576c38e80b74627c38703f951e397d4826ef1163a264" -> (known after apply)
      [33m~[0m[0m image             = "sha256:cf49c37eb33018fd1660a652da67dcdbdf55996ae3c22bb80cd733dbf8ded8c6" [33m->[0m[0m "nginxdemos/hello:latest" [31m# forces replacement[0m[0m
      [33m~[0m[0m ip_address        = "172.28.0.12" -> (known after apply)
      [33m~[0m[0m ip_prefix_length  = 16 -> (known after apply)
      [33m~[0m[0m ipc_mode          = "private" -> (known after apply)
      [31m-[0m[0m links             = [] [90m-> null[0m[0m
      [33m~[0m[0m log_driver        = "json-file" -> (known after apply)
      [33m~[0m[0m log_opts          = {} -> (known after apply)
      [31m-[0m[0m max_retry_count   = 0 [90m-> null[0m[0m
      [31m-[0m[0m memory            = 0 [90m-> null[0m[0m
      [31m-[0m[0m memory_swap       = 0 [90m-> null[0m[0m
        name              = "web2"
      [33m~[0m[0m network_data      = [
          [31m-[0m[0m {
              [31m-[0m[0m gateway          = "172.28.0.1"
              [31m-[0m[0m ip_address       = "172.28.0.12"
              [31m-[0m[0m ip_prefix_length = 16
              [31m-[0m[0m network_name     = "lab3b_net"
            },
        ] -> (known after apply)
      [31m-[0m[0m network_mode      = "bridge" [90m-> null[0m[0m [31m# forces replacement[0m[0m
      [31m-[0m[0m privileged        = false [90m-> null[0m[0m
      [31m-[0m[0m publish_all_ports = false [90m-> null[0m[0m
      [33m~[0m[0m shm_size          = 64 -> (known after apply)
      [31m-[0m[0m sysctls           = {} [90m-> null[0m[0m
      [31m-[0m[0m tmpfs             = {} [90m-> null[0m[0m
      [32m+[0m[0m user              = (known after apply)
      [33m~[0m[0m working_dir       = "/" -> (known after apply)
        [90m# (11 unchanged attributes hidden)[0m[0m

        [90m# (1 unchanged block hidden)[0m[0m
    }

[1m  # docker_container.web3[0m must be [1m[31mreplaced[0m
[0m[31m-[0m/[32m+[0m[0m resource "docker_container" "web3" {
      [32m+[0m[0m bridge            = (known after apply)
      [33m~[0m[0m command           = [
          [31m-[0m[0m "nginx",
          [31m-[0m[0m "-g",
          [31m-[0m[0m "daemon off;",
        ] -> (known after apply)
      [32m+[0m[0m container_logs    = (known after apply)
      [31m-[0m[0m cpu_shares        = 0 [90m-> null[0m[0m
      [33m~[0m[0m dns               = [] -> (known after apply)
      [33m~[0m[0m dns_opts          = [] -> (known after apply)
      [31m-[0m[0m dns_search        = [] [90m-> null[0m[0m
      [33m~[0m[0m entrypoint        = [
          [31m-[0m[0m "/docker-entrypoint.sh",
        ] -> (known after apply)
      [32m+[0m[0m exit_code         = (known after apply)
      [33m~[0m[0m gateway           = "172.28.0.1" -> (known after apply)
      [31m-[0m[0m group_add         = [] [90m-> null[0m[0m
      [33m~[0m[0m hostname          = "5d7f077a87d9" -> (known after apply)
      [33m~[0m[0m id                = "5d7f077a87d939a678c51f58c4071a968e5b016f5a1f71c408097f0c7bd0d19d" -> (known after apply)
      [33m~[0m[0m image             = "sha256:cf49c37eb33018fd1660a652da67dcdbdf55996ae3c22bb80cd733dbf8ded8c6" [33m->[0m[0m "nginxdemos/hello:latest" [31m# forces replacement[0m[0m
      [33m~[0m[0m ip_address        = "172.28.0.13" -> (known after apply)
      [33m~[0m[0m ip_prefix_length  = 16 -> (known after apply)
      [33m~[0m[0m ipc_mode          = "private" -> (known after apply)
      [31m-[0m[0m links             = [] [90m-> null[0m[0m
      [33m~[0m[0m log_driver        = "json-file" -> (known after apply)
      [33m~[0m[0m log_opts          = {} -> (known after apply)
      [31m-[0m[0m max_retry_count   = 0 [90m-> null[0m[0m
      [31m-[0m[0m memory            = 0 [90m-> null[0m[0m
      [31m-[0m[0m memory_swap       = 0 [90m-> null[0m[0m
        name              = "web3"
      [33m~[0m[0m network_data      = [
          [31m-[0m[0m {
              [31m-[0m[0m gateway          = "172.28.0.1"
              [31m-[0m[0m ip_address       = "172.28.0.13"
              [31m-[0m[0m ip_prefix_length = 16
              [31m-[0m[0m network_name     = "lab3b_net"
            },
        ] -> (known after apply)
      [31m-[0m[0m network_mode      = "bridge" [90m-> null[0m[0m [31m# forces replacement[0m[0m
      [31m-[0m[0m privileged        = false [90m-> null[0m[0m
      [31m-[0m[0m publish_all_ports = false [90m-> null[0m[0m
      [33m~[0m[0m shm_size          = 64 -> (known after apply)
      [31m-[0m[0m sysctls           = {} [90m-> null[0m[0m
      [31m-[0m[0m tmpfs             = {} [90m-> null[0m[0m
      [32m+[0m[0m user              = (known after apply)
      [33m~[0m[0m working_dir       = "/" -> (known after apply)
        [90m# (11 unchanged attributes hidden)[0m[0m

        [90m# (1 unchanged block hidden)[0m[0m
    }

[1mPlan:[0m 5 to add, 0 to change, 5 to destroy.
[0m[90m
─────────────────────────────────────────────────────────────────────────────[0m

Note: You didn't use the -out option to save this plan, so Terraform can't
guarantee to take exactly these actions if you run "terraform apply" now.
