{
  "version": 4,
  "terraform_version": "1.11.3",
  "serial": 100,
  "lineage": "ba830988-dab4-992a-50b3-a44c68d1d10e",
  "outputs": {},
  "resources": [
    {
      "mode": "managed",
      "type": "docker_container",
      "name": "client",
      "provider": "provider[\"registry.terraform.io/terraform-providers/docker\"]",
      "instances": [
        {
          "schema_version": 2,
          "attributes": {
            "attach": false,
            "bridge": "",
            "capabilities": [],
            "command": [
              "sleep",
              "infinity"
            ],
            "container_logs": null,
            "cpu_set": "",
            "cpu_shares": 0,
            "destroy_grace_seconds": null,
            "devices": [],
            "dns": [],
            "dns_opts": [],
            "dns_search": null,
            "domainname": "",
            "entrypoint": [
              "/entrypoint.sh"
            ],
            "env": null,
            "exit_code": null,
            "gateway": "172.28.0.1",
            "group_add": null,
            "healthcheck": [],
            "host": [],
            "hostname": "28666b49554a",
            "id": "28666b49554a77e3068dbb22396cc68935bc5c749217fa8f9480d4fc599e15fb",
            "image": "sha256:e74447e85ef07be8a848a1fb448615df75fa7ca57f6171663fedcac2fe818044",
            "ip_address": "172.28.0.20",
            "ip_prefix_length": 16,
            "ipc_mode": "private",
            "labels": [],
            "links": null,
            "log_driver": "json-file",
            "log_opts": {},
            "logs": false,
            "max_retry_count": 0,
            "memory": 0,
            "memory_swap": 0,
            "mounts": [],
            "must_run": true,
            "name": "client",
            "network_alias": null,
            "network_data": [
              {
                "gateway": "172.28.0.1",
                "ip_address": "172.28.0.20",
                "ip_prefix_length": 16,
                "network_name": "lab3b_net"
              }
            ],
            "network_mode": "bridge",
            "networks": null,
            "networks_advanced": [
              {
                "aliases": [],
                "ipv4_address": "172.28.0.20",
                "ipv6_address": "",
                "name": "lab3b_net"
              }
            ],
            "pid_mode": "",
            "ports": [],
            "privileged": false,
            "publish_all_ports": false,
            "read_only": false,
            "restart": "no",
            "rm": false,
            "shm_size": 64,
            "start": true,
            "sysctls": null,
            "tmpfs": null,
            "ulimit": [],
            "upload": [],
            "user": "curl_user",
            "userns_mode": "",
            "volumes": [],
            "working_dir": "/home/curl_user"
          },
          "sensitive_attributes": [],
          "private": "eyJzY2hlbWFfdmVyc2lvbiI6IjIifQ==",
          "dependencies": [
            "docker_image.curl",
            "docker_network.labnet"
          ]
        }
      ]
    },
    {
      "mode": "managed",
      "type": "docker_container",
      "name": "haproxy",
      "provider": "provider[\"registry.terraform.io/terraform-providers/docker\"]",
      "instances": [
        {
          "schema_version": 2,
          "attributes": {
            "attach": false,
            "bridge": "",
            "capabilities": [],
            "command": [
              "haproxy",
              "-f",
              "/usr/local/etc/haproxy/haproxy.cfg"
            ],
            "container_logs": null,
            "cpu_set": "",
            "cpu_shares": 0,
            "destroy_grace_seconds": null,
            "devices": [],
            "dns": [],
            "dns_opts": [],
            "dns_search": null,
            "domainname": "",
            "entrypoint": [
              "docker-entrypoint.sh"
            ],
            "env": null,
            "exit_code": null,
            "gateway": "172.28.0.1",
            "group_add": null,
            "healthcheck": [],
            "host": [],
            "hostname": "f3d5076ce570",
            "id": "f3d5076ce5708314334c1cdf0e45bfc6717771eb68f7c066d23f5ca833f4385c",
            "image": "sha256:73c9a6a2e39bb5c805fc9d527f58e5e82f5f51fd44177a04f1f6c540bb976591",
            "ip_address": "172.28.0.10",
            "ip_prefix_length": 16,
            "ipc_mode": "private",
            "labels": [],
            "links": null,
            "log_driver": "json-file",
            "log_opts": {},
            "logs": false,
            "max_retry_count": 0,
            "memory": 0,
            "memory_swap": 0,
            "mounts": [],
            "must_run": true,
            "name": "haproxy",
            "network_alias": null,
            "network_data": [
              {
                "gateway": "172.28.0.1",
                "ip_address": "172.28.0.10",
                "ip_prefix_length": 16,
                "network_name": "lab3b_net"
              }
            ],
            "network_mode": "bridge",
            "networks": null,
            "networks_advanced": [
              {
                "aliases": [],
                "ipv4_address": "172.28.0.10",
                "ipv6_address": "",
                "name": "lab3b_net"
              }
            ],
            "pid_mode": "",
            "ports": [
              {
                "external": 8080,
                "internal": 80,
                "ip": "0.0.0.0",
                "protocol": "tcp"
              }
            ],
            "privileged": false,
            "publish_all_ports": false,
            "read_only": false,
            "restart": "no",
            "rm": false,
            "shm_size": 64,
            "start": true,
            "sysctls": null,
            "tmpfs": null,
            "ulimit": [],
            "upload": [],
            "user": "haproxy",
            "userns_mode": "",
            "volumes": [
              {
                "container_path": "/usr/local/etc/haproxy/haproxy.cfg",
                "from_container": "",
                "host_path": "/home/jbras/network-virtualization/terraform/haproxy.cfg",
                "read_only": null,
                "volume_name": ""
              }
            ],
            "working_dir": "/var/lib/haproxy"
          },
          "sensitive_attributes": [],
          "private": "eyJzY2hlbWFfdmVyc2lvbiI6IjIifQ==",
          "dependencies": [
            "docker_image.haproxy_img",
            "docker_network.labnet"
          ]
        }
      ]
    },
    {
      "mode": "managed",
      "type": "docker_container",
      "name": "web1",
      "provider": "provider[\"registry.terraform.io/terraform-providers/docker\"]",
      "instances": [
        {
          "schema_version": 2,
          "attributes": {
            "attach": false,
            "bridge": "",
            "capabilities": [],
            "command": [
              "nginx",
              "-g",
              "daemon off;"
            ],
            "container_logs": null,
            "cpu_set": "",
            "cpu_shares": 0,
            "destroy_grace_seconds": null,
            "devices": [],
            "dns": [],
            "dns_opts": [],
            "dns_search": null,
            "domainname": "",
            "entrypoint": [
              "/docker-entrypoint.sh"
            ],
            "env": null,
            "exit_code": null,
            "gateway": "172.28.0.1",
            "group_add": null,
            "healthcheck": [],
            "host": [],
            "hostname": "5fc1815ffb56",
            "id": "5fc1815ffb565af453ad581cd84b068568be450a52a08346a5d95657073fbd0b",
            "image": "sha256:cf49c37eb33018fd1660a652da67dcdbdf55996ae3c22bb80cd733dbf8ded8c6",
            "ip_address": "172.28.0.11",
            "ip_prefix_length": 16,
            "ipc_mode": "private",
            "labels": [],
            "links": null,
            "log_driver": "json-file",
            "log_opts": {},
            "logs": false,
            "max_retry_count": 0,
            "memory": 0,
            "memory_swap": 0,
            "mounts": [],
            "must_run": true,
            "name": "web1",
            "network_alias": null,
            "network_data": [
              {
                "gateway": "172.28.0.1",
                "ip_address": "172.28.0.11",
                "ip_prefix_length": 16,
                "network_name": "lab3b_net"
              }
            ],
            "network_mode": "bridge",
            "networks": null,
            "networks_advanced": [
              {
                "aliases": [],
                "ipv4_address": "172.28.0.11",
                "ipv6_address": "",
                "name": "lab3b_net"
              }
            ],
            "pid_mode": "",
            "ports": [],
            "privileged": false,
            "publish_all_ports": false,
            "read_only": false,
            "restart": "no",
            "rm": false,
            "shm_size": 64,
            "start": true,
            "sysctls": null,
            "tmpfs": null,
            "ulimit": [],
            "upload": [],
            "user": "",
            "userns_mode": "",
            "volumes": [],
            "working_dir": "/"
          },
          "sensitive_attributes": [],
          "private": "eyJzY2hlbWFfdmVyc2lvbiI6IjIifQ==",
          "dependencies": [
            "docker_image.web_img",
            "docker_network.labnet"
          ]
        }
      ]
    },
    {
      "mode": "managed",
      "type": "docker_container",
      "name": "web2",
      "provider": "provider[\"registry.terraform.io/terraform-providers/docker\"]",
      "instances": [
        {
          "schema_version": 2,
          "attributes": {
            "attach": false,
            "bridge": "",
            "capabilities": [],
            "command": [
              "nginx",
              "-g",
              "daemon off;"
            ],
            "container_logs": null,
            "cpu_set": "",
            "cpu_shares": 0,
            "destroy_grace_seconds": null,
            "devices": [],
            "dns": [],
            "dns_opts": [],
            "dns_search": null,
            "domainname": "",
            "entrypoint": [
              "/docker-entrypoint.sh"
            ],
            "env": null,
            "exit_code": null,
            "gateway": "172.28.0.1",
            "group_add": null,
            "healthcheck": [],
            "host": [],
            "hostname": "e2219dd26086",
            "id": "e2219dd26086af9f772eb2aaa6d52e2ce98035c23f71062c988b15537bee3eeb",
            "image": "sha256:cf49c37eb33018fd1660a652da67dcdbdf55996ae3c22bb80cd733dbf8ded8c6",
            "ip_address": "172.28.0.12",
            "ip_prefix_length": 16,
            "ipc_mode": "private",
            "labels": [],
            "links": null,
            "log_driver": "json-file",
            "log_opts": {},
            "logs": false,
            "max_retry_count": 0,
            "memory": 0,
            "memory_swap": 0,
            "mounts": [],
            "must_run": true,
            "name": "web2",
            "network_alias": null,
            "network_data": [
              {
                "gateway": "172.28.0.1",
                "ip_address": "172.28.0.12",
                "ip_prefix_length": 16,
                "network_name": "lab3b_net"
              }
            ],
            "network_mode": "bridge",
            "networks": null,
            "networks_advanced": [
              {
                "aliases": [],
                "ipv4_address": "172.28.0.12",
                "ipv6_address": "",
                "name": "lab3b_net"
              }
            ],
            "pid_mode": "",
            "ports": [],
            "privileged": false,
            "publish_all_ports": false,
            "read_only": false,
            "restart": "no",
            "rm": false,
            "shm_size": 64,
            "start": true,
            "sysctls": null,
            "tmpfs": null,
            "ulimit": [],
            "upload": [],
            "user": "",
            "userns_mode": "",
            "volumes": [],
            "working_dir": "/"
          },
          "sensitive_attributes": [],
          "private": "eyJzY2hlbWFfdmVyc2lvbiI6IjIifQ==",
          "dependencies": [
            "docker_image.web_img",
            "docker_network.labnet"
          ]
        }
      ]
    },
    {
      "mode": "managed",
      "type": "docker_container",
      "name": "web3",
      "provider": "provider[\"registry.terraform.io/terraform-providers/docker\"]",
      "instances": [
        {
          "schema_version": 2,
          "attributes": {
            "attach": false,
            "bridge": "",
            "capabilities": [],
            "command": [
              "nginx",
              "-g",
              "daemon off;"
            ],
            "container_logs": null,
            "cpu_set": "",
            "cpu_shares": 0,
            "destroy_grace_seconds": null,
            "devices": [],
            "dns": [],
            "dns_opts": [],
            "dns_search": null,
            "domainname": "",
            "entrypoint": [
              "/docker-entrypoint.sh"
            ],
            "env": null,
            "exit_code": null,
            "gateway": "172.28.0.1",
            "group_add": null,
            "healthcheck": [],
            "host": [],
            "hostname": "da1cacfa55b6",
            "id": "da1cacfa55b68a66db0fd18e85a0176b3fcb10b2e480673f17f7c1d9951a1c53",
            "image": "sha256:cf49c37eb33018fd1660a652da67dcdbdf55996ae3c22bb80cd733dbf8ded8c6",
            "ip_address": "172.28.0.13",
            "ip_prefix_length": 16,
            "ipc_mode": "private",
            "labels": [],
            "links": null,
            "log_driver": "json-file",
            "log_opts": {},
            "logs": false,
            "max_retry_count": 0,
            "memory": 0,
            "memory_swap": 0,
            "mounts": [],
            "must_run": true,
            "name": "web3",
            "network_alias": null,
            "network_data": [
              {
                "gateway": "172.28.0.1",
                "ip_address": "172.28.0.13",
                "ip_prefix_length": 16,
                "network_name": "lab3b_net"
              }
            ],
            "network_mode": "bridge",
            "networks": null,
            "networks_advanced": [
              {
                "aliases": [],
                "ipv4_address": "172.28.0.13",
                "ipv6_address": "",
                "name": "lab3b_net"
              }
            ],
            "pid_mode": "",
            "ports": [],
            "privileged": false,
            "publish_all_ports": false,
            "read_only": false,
            "restart": "no",
            "rm": false,
            "shm_size": 64,
            "start": true,
            "sysctls": null,
            "tmpfs": null,
            "ulimit": [],
            "upload": [],
            "user": "",
            "userns_mode": "",
            "volumes": [],
            "working_dir": "/"
          },
          "sensitive_attributes": [],
          "private": "eyJzY2hlbWFfdmVyc2lvbiI6IjIifQ==",
          "dependencies": [
            "docker_image.web_img",
            "docker_network.labnet"
          ]
        }
      ]
    },
    {
      "mode": "managed",
      "type": "docker_image",
      "name": "curl",
      "provider": "provider[\"registry.terraform.io/terraform-providers/docker\"]",
      "instances": [
        {
          "schema_version": 0,
          "attributes": {
            "id": "sha256:e74447e85ef07be8a848a1fb448615df75fa7ca57f6171663fedcac2fe818044curlimages/curl:latest",
            "keep_locally": null,
            "latest": "sha256:e74447e85ef07be8a848a1fb448615df75fa7ca57f6171663fedcac2fe818044",
            "name": "curlimages/curl:latest",
            "pull_trigger": null,
            "pull_triggers": null
          },
          "sensitive_attributes": [],
          "private": "bnVsbA=="
        }
      ]
    },
    {
      "mode": "managed",
      "type": "docker_image",
      "name": "haproxy_img",
      "provider": "provider[\"registry.terraform.io/terraform-providers/docker\"]",
      "instances": [
        {
          "schema_version": 0,
          "attributes": {
            "id": "sha256:73c9a6a2e39bb5c805fc9d527f58e5e82f5f51fd44177a04f1f6c540bb976591haproxy:latest",
            "keep_locally": null,
            "latest": "sha256:73c9a6a2e39bb5c805fc9d527f58e5e82f5f51fd44177a04f1f6c540bb976591",
            "name": "haproxy:latest",
            "pull_trigger": null,
            "pull_triggers": null
          },
          "sensitive_attributes": [],
          "private": "bnVsbA=="
        }
      ]
    },
    {
      "mode": "managed",
      "type": "docker_image",
      "name": "web_img",
      "provider": "provider[\"registry.terraform.io/terraform-providers/docker\"]",
      "instances": [
        {
          "schema_version": 0,
          "attributes": {
            "id": "sha256:cf49c37eb33018fd1660a652da67dcdbdf55996ae3c22bb80cd733dbf8ded8c6nginxdemos/hello:latest",
            "keep_locally": null,
            "latest": "sha256:cf49c37eb33018fd1660a652da67dcdbdf55996ae3c22bb80cd733dbf8ded8c6",
            "name": "nginxdemos/hello:latest",
            "pull_trigger": null,
            "pull_triggers": null
          },
          "sensitive_attributes": [],
          "private": "bnVsbA=="
        }
      ]
    },
    {
      "mode": "managed",
      "type": "docker_network",
      "name": "labnet",
      "provider": "provider[\"registry.terraform.io/terraform-providers/docker\"]",
      "instances": [
        {
          "schema_version": 1,
          "attributes": {
            "attachable": false,
            "check_duplicate": null,
            "driver": "bridge",
            "id": "e3afc5d275f819d3714eb13de35936210d687fc80884e4b397ff4564baa02811",
            "ingress": false,
            "internal": false,
            "ipam_config": [
              {
                "aux_address": {},
                "gateway": "172.28.0.1",
                "ip_range": "",
                "subnet": "172.28.0.0/16"
              }
            ],
            "ipam_driver": "default",
            "ipv6": false,
            "labels": [],
            "name": "lab3b_net",
            "options": {},
            "scope": "local"
          },
          "sensitive_attributes": [],
          "private": "eyJzY2hlbWFfdmVyc2lvbiI6IjEifQ=="
        }
      ]
    }
  ],
  "check_results": null
}
