{
  "version": 4,
  "terraform_version": "1.11.3",
  "serial": 791,
  "lineage": "ba830988-dab4-992a-50b3-a44c68d1d10e",
  "outputs": {},
  "resources": [
    {
      "mode": "managed",
      "type": "docker_container",
      "name": "client",
      "provider": "provider[\"registry.terraform.io/terraform-providers/docker\"]",
      "instances": [
        {
          "schema_version": 2,
          "attributes": {
            "attach": false,
            "bridge": "",
            "capabilities": [],
            "command": [
              "sleep",
              "infinity"
            ],
            "container_logs": null,
            "cpu_set": "",
            "cpu_shares": 0,
            "destroy_grace_seconds": null,
            "devices": [],
            "dns": [],
            "dns_opts": [],
            "dns_search": null,
            "domainname": "",
            "entrypoint": [
              "/entrypoint.sh"
            ],
            "env": null,
            "exit_code": null,
            "gateway": "172.28.0.1",
            "group_add": null,
            "healthcheck": [],
            "host": [],
            "hostname": "5f3dea91f258",
            "id": "5f3dea91f2583de7564deeecf95d6b3d73c021dc1c7160bd6396a85cd15eb4ff",
            "image": "sha256:e74447e85ef07be8a848a1fb448615df75fa7ca57f6171663fedcac2fe818044",
            "ip_address": "172.28.0.20",
            "ip_prefix_length": 16,
            "ipc_mode": "private",
            "labels": [],
            "links": null,
            "log_driver": "json-file",
            "log_opts": {},
            "logs": false,
            "max_retry_count": 0,
            "memory": 0,
            "memory_swap": 0,
            "mounts": [],
            "must_run": true,
            "name": "client",
            "network_alias": null,
            "network_data": [
              {
                "gateway": "172.28.0.1",
                "ip_address": "172.28.0.20",
                "ip_prefix_length": 16,
                "network_name": "lab3b_net"
              }
            ],
            "network_mode": "bridge",
            "networks": null,
            "networks_advanced": [
              {
                "aliases": [],
                "ipv4_address": "172.28.0.20",
                "ipv6_address": "",
                "name": "lab3b_net"
              }
            ],
            "pid_mode": "",
            "ports": [],
            "privileged": false,
            "publish_all_ports": false,
            "read_only": false,
            "restart": "no",
            "rm": false,
            "shm_size": 64,
            "start": true,
            "sysctls": null,
            "tmpfs": null,
            "ulimit": [],
            "upload": [],
            "user": "curl_user",
            "userns_mode": "",
            "volumes": [],
            "working_dir": "/home/curl_user"
          },
          "sensitive_attributes": [],
          "private": "eyJzY2hlbWFfdmVyc2lvbiI6IjIifQ==",
          "dependencies": [
            "docker_image.curl",
            "docker_network.labnet"
          ]
        }
      ]
    },
    {
      "mode": "managed",
      "type": "docker_container",
      "name": "haproxy",
      "provider": "provider[\"registry.terraform.io/terraform-providers/docker\"]",
      "instances": [
        {
          "schema_version": 2,
          "attributes": {
            "attach": false,
            "bridge": "",
            "capabilities": [],
            "command": [
              "haproxy",
              "-f",
              "/usr/local/etc/haproxy/haproxy.cfg"
            ],
            "container_logs": null,
            "cpu_set": "",
            "cpu_shares": 0,
            "destroy_grace_seconds": null,
            "devices": [],
            "dns": [],
            "dns_opts": [],
            "dns_search": null,
            "domainname": "",
            "entrypoint": [
              "docker-entrypoint.sh"
            ],
            "env": null,
            "exit_code": null,
            "gateway": "172.28.0.1",
            "group_add": null,
            "healthcheck": [],
            "host": [],
            "hostname": "c6a9763bfdb4",
            "id": "c6a9763bfdb4d7fe191ee74ac923e9ea38cf67bfe1174e773f03e2094d7d8ca9",
            "image": "sha256:73c9a6a2e39bb5c805fc9d527f58e5e82f5f51fd44177a04f1f6c540bb976591",
            "ip_address": "172.28.0.10",
            "ip_prefix_length": 16,
            "ipc_mode": "private",
            "labels": [],
            "links": null,
            "log_driver": "json-file",
            "log_opts": {},
            "logs": false,
            "max_retry_count": 0,
            "memory": 0,
            "memory_swap": 0,
            "mounts": [],
            "must_run": true,
            "name": "haproxy",
            "network_alias": null,
            "network_data": [
              {
                "gateway": "172.28.0.1",
                "ip_address": "172.28.0.10",
                "ip_prefix_length": 16,
                "network_name": "lab3b_net"
              }
            ],
            "network_mode": "bridge",
            "networks": null,
            "networks_advanced": [
              {
                "aliases": [],
                "ipv4_address": "172.28.0.10",
                "ipv6_address": "",
                "name": "lab3b_net"
              }
            ],
            "pid_mode": "",
            "ports": [
              {
                "external": 8080,
                "internal": 80,
                "ip": "0.0.0.0",
                "protocol": "tcp"
              }
            ],
            "privileged": false,
            "publish_all_ports": false,
            "read_only": false,
            "restart": "no",
            "rm": false,
            "shm_size": 64,
            "start": true,
            "sysctls": null,
            "tmpfs": null,
            "ulimit": [],
            "upload": [],
            "user": "haproxy",
            "userns_mode": "",
            "volumes": [
              {
                "container_path": "/usr/local/etc/haproxy/haproxy.cfg",
                "from_container": "",
                "host_path": "/home/jbras/network-virtualization/terraform/haproxy.cfg",
                "read_only": null,
                "volume_name": ""
              }
            ],
            "working_dir": "/var/lib/haproxy"
          },
          "sensitive_attributes": [],
          "private": "eyJzY2hlbWFfdmVyc2lvbiI6IjIifQ==",
          "dependencies": [
            "docker_image.haproxy_img",
            "docker_network.labnet"
          ]
        }
      ]
    },
    {
      "mode": "managed",
      "type": "docker_container",
      "name": "web1",
      "provider": "provider[\"registry.terraform.io/terraform-providers/docker\"]",
      "instances": [
        {
          "schema_version": 2,
          "attributes": {
            "attach": false,
            "bridge": "",
            "capabilities": [],
            "command": [
              "/bin/sh",
              "-c",
              "IP=\"$(hostname -i)\"\ncat \u003c\u003cEOF \u003e /usr/share/nginx/html/index.html\n\u003c!DOCTYPE html\u003e\n\u003chtml\u003e\u003chead\u003e\u003ctitle\u003eServed by ${IP}\u003c/title\u003e\u003c/head\u003e\n\u003cbody\u003e\u003ch1\u003e${IP}\u003c/h1\u003e\u003c/body\u003e\u003c/html\u003e\nEOF\nexec nginx -g 'daemon off;'\n"
            ],
            "container_logs": null,
            "cpu_set": "",
            "cpu_shares": 0,
            "destroy_grace_seconds": null,
            "devices": [],
            "dns": [],
            "dns_opts": [],
            "dns_search": null,
            "domainname": "",
            "entrypoint": [
              "/docker-entrypoint.sh"
            ],
            "env": null,
            "exit_code": null,
            "gateway": "172.28.0.1",
            "group_add": null,
            "healthcheck": [],
            "host": [],
            "hostname": "e2a0d47ca611",
            "id": "e2a0d47ca6111f836ab7a4404e0accf6063f0ff3fe867b773f96e52e30d6c183",
            "image": "sha256:6769dc3a703c719c1d2756bda113659be28ae16cf0da58dd5fd823d6b9a050ea",
            "ip_address": "172.28.0.11",
            "ip_prefix_length": 16,
            "ipc_mode": "private",
            "labels": [],
            "links": null,
            "log_driver": "json-file",
            "log_opts": {},
            "logs": false,
            "max_retry_count": 0,
            "memory": 0,
            "memory_swap": 0,
            "mounts": [],
            "must_run": true,
            "name": "web1",
            "network_alias": null,
            "network_data": [
              {
                "gateway": "172.28.0.1",
                "ip_address": "172.28.0.11",
                "ip_prefix_length": 16,
                "network_name": "lab3b_net"
              }
            ],
            "network_mode": "bridge",
            "networks": null,
            "networks_advanced": [
              {
                "aliases": [],
                "ipv4_address": "172.28.0.11",
                "ipv6_address": "",
                "name": "lab3b_net"
              }
            ],
            "pid_mode": "",
            "ports": [],
            "privileged": false,
            "publish_all_ports": false,
            "read_only": false,
            "restart": "no",
            "rm": false,
            "shm_size": 64,
            "start": true,
            "sysctls": null,
            "tmpfs": null,
            "ulimit": [],
            "upload": [],
            "user": "",
            "userns_mode": "",
            "volumes": [],
            "working_dir": "/"
          },
          "sensitive_attributes": [],
          "private": "eyJzY2hlbWFfdmVyc2lvbiI6IjIifQ==",
          "dependencies": [
            "docker_image.nginx_img",
            "docker_network.labnet"
          ]
        }
      ]
    },
    {
      "mode": "managed",
      "type": "docker_container",
      "name": "web2",
      "provider": "provider[\"registry.terraform.io/terraform-providers/docker\"]",
      "instances": [
        {
          "schema_version": 2,
          "attributes": {
            "attach": false,
            "bridge": "",
            "capabilities": [],
            "command": [
              "/bin/sh",
              "-c",
              "IP=\"$(hostname -i)\"\ncat \u003c\u003cEOF \u003e /usr/share/nginx/html/index.html\n\u003c!DOCTYPE html\u003e\n\u003chtml\u003e\u003chead\u003e\u003ctitle\u003eServed by ${IP}\u003c/title\u003e\u003c/head\u003e\n\u003cbody\u003e\u003ch1\u003e${IP}\u003c/h1\u003e\u003c/body\u003e\u003c/html\u003e\nEOF\nexec nginx -g 'daemon off;'\n"
            ],
            "container_logs": null,
            "cpu_set": "",
            "cpu_shares": 0,
            "destroy_grace_seconds": null,
            "devices": [],
            "dns": [],
            "dns_opts": [],
            "dns_search": null,
            "domainname": "",
            "entrypoint": [
              "/docker-entrypoint.sh"
            ],
            "env": null,
            "exit_code": null,
            "gateway": "172.28.0.1",
            "group_add": null,
            "healthcheck": [],
            "host": [],
            "hostname": "2cc824b2543a",
            "id": "2cc824b2543a5bd083f831c602f0498be0833e62621f95029fc8d74c9c76ca59",
            "image": "sha256:6769dc3a703c719c1d2756bda113659be28ae16cf0da58dd5fd823d6b9a050ea",
            "ip_address": "172.28.0.12",
            "ip_prefix_length": 16,
            "ipc_mode": "private",
            "labels": [],
            "links": null,
            "log_driver": "json-file",
            "log_opts": {},
            "logs": false,
            "max_retry_count": 0,
            "memory": 0,
            "memory_swap": 0,
            "mounts": [],
            "must_run": true,
            "name": "web2",
            "network_alias": null,
            "network_data": [
              {
                "gateway": "172.28.0.1",
                "ip_address": "172.28.0.12",
                "ip_prefix_length": 16,
                "network_name": "lab3b_net"
              }
            ],
            "network_mode": "bridge",
            "networks": null,
            "networks_advanced": [
              {
                "aliases": [],
                "ipv4_address": "172.28.0.12",
                "ipv6_address": "",
                "name": "lab3b_net"
              }
            ],
            "pid_mode": "",
            "ports": [],
            "privileged": false,
            "publish_all_ports": false,
            "read_only": false,
            "restart": "no",
            "rm": false,
            "shm_size": 64,
            "start": true,
            "sysctls": null,
            "tmpfs": null,
            "ulimit": [],
            "upload": [],
            "user": "",
            "userns_mode": "",
            "volumes": [],
            "working_dir": "/"
          },
          "sensitive_attributes": [],
          "private": "eyJzY2hlbWFfdmVyc2lvbiI6IjIifQ==",
          "dependencies": [
            "docker_image.nginx_img",
            "docker_network.labnet"
          ]
        }
      ]
    },
    {
      "mode": "managed",
      "type": "docker_container",
      "name": "web3",
      "provider": "provider[\"registry.terraform.io/terraform-providers/docker\"]",
      "instances": [
        {
          "schema_version": 2,
          "attributes": {
            "attach": false,
            "bridge": "",
            "capabilities": [],
            "command": [
              "/bin/sh",
              "-c",
              "IP=\"$(hostname -i)\"\ncat \u003c\u003cEOF \u003e /usr/share/nginx/html/index.html\n\u003c!DOCTYPE html\u003e\n\u003chtml\u003e\u003chead\u003e\u003ctitle\u003eServed by ${IP}\u003c/title\u003e\u003c/head\u003e\n\u003cbody\u003e\u003ch1\u003e${IP}\u003c/h1\u003e\u003c/body\u003e\u003c/html\u003e\nEOF\nexec nginx -g 'daemon off;'\n"
            ],
            "container_logs": null,
            "cpu_set": "",
            "cpu_shares": 0,
            "destroy_grace_seconds": null,
            "devices": [],
            "dns": [],
            "dns_opts": [],
            "dns_search": null,
            "domainname": "",
            "entrypoint": [
              "/docker-entrypoint.sh"
            ],
            "env": null,
            "exit_code": null,
            "gateway": "172.28.0.1",
            "group_add": null,
            "healthcheck": [],
            "host": [],
            "hostname": "17cc09ea1bdd",
            "id": "17cc09ea1bdd8b9a728a944030c890abae9ed076c49342c6ffe7a32acdc46bda",
            "image": "sha256:6769dc3a703c719c1d2756bda113659be28ae16cf0da58dd5fd823d6b9a050ea",
            "ip_address": "172.28.0.13",
            "ip_prefix_length": 16,
            "ipc_mode": "private",
            "labels": [],
            "links": null,
            "log_driver": "json-file",
            "log_opts": {},
            "logs": false,
            "max_retry_count": 0,
            "memory": 0,
            "memory_swap": 0,
            "mounts": [],
            "must_run": true,
            "name": "web3",
            "network_alias": null,
            "network_data": [
              {
                "gateway": "172.28.0.1",
                "ip_address": "172.28.0.13",
                "ip_prefix_length": 16,
                "network_name": "lab3b_net"
              }
            ],
            "network_mode": "bridge",
            "networks": null,
            "networks_advanced": [
              {
                "aliases": [],
                "ipv4_address": "172.28.0.13",
                "ipv6_address": "",
                "name": "lab3b_net"
              }
            ],
            "pid_mode": "",
            "ports": [],
            "privileged": false,
            "publish_all_ports": false,
            "read_only": false,
            "restart": "no",
            "rm": false,
            "shm_size": 64,
            "start": true,
            "sysctls": null,
            "tmpfs": null,
            "ulimit": [],
            "upload": [],
            "user": "",
            "userns_mode": "",
            "volumes": [],
            "working_dir": "/"
          },
          "sensitive_attributes": [],
          "private": "eyJzY2hlbWFfdmVyc2lvbiI6IjIifQ==",
          "dependencies": [
            "docker_image.nginx_img",
            "docker_network.labnet"
          ]
        }
      ]
    },
    {
      "mode": "managed",
      "type": "docker_image",
      "name": "curl",
      "provider": "provider[\"registry.terraform.io/terraform-providers/docker\"]",
      "instances": [
        {
          "schema_version": 0,
          "attributes": {
            "id": "sha256:e74447e85ef07be8a848a1fb448615df75fa7ca57f6171663fedcac2fe818044curlimages/curl:latest",
            "keep_locally": null,
            "latest": "sha256:e74447e85ef07be8a848a1fb448615df75fa7ca57f6171663fedcac2fe818044",
            "name": "curlimages/curl:latest",
            "pull_trigger": null,
            "pull_triggers": null
          },
          "sensitive_attributes": [],
          "private": "bnVsbA=="
        }
      ]
    },
    {
      "mode": "managed",
      "type": "docker_image",
      "name": "haproxy_img",
      "provider": "provider[\"registry.terraform.io/terraform-providers/docker\"]",
      "instances": [
        {
          "schema_version": 0,
          "attributes": {
            "id": "sha256:73c9a6a2e39bb5c805fc9d527f58e5e82f5f51fd44177a04f1f6c540bb976591haproxy:latest",
            "keep_locally": null,
            "latest": "sha256:73c9a6a2e39bb5c805fc9d527f58e5e82f5f51fd44177a04f1f6c540bb976591",
            "name": "haproxy:latest",
            "pull_trigger": null,
            "pull_triggers": null
          },
          "sensitive_attributes": [],
          "private": "bnVsbA=="
        }
      ]
    },
    {
      "mode": "managed",
      "type": "docker_image",
      "name": "nginx_img",
      "provider": "provider[\"registry.terraform.io/terraform-providers/docker\"]",
      "instances": [
        {
          "schema_version": 0,
          "attributes": {
            "id": "sha256:6769dc3a703c719c1d2756bda113659be28ae16cf0da58dd5fd823d6b9a050eanginx:alpine",
            "keep_locally": null,
            "latest": "sha256:6769dc3a703c719c1d2756bda113659be28ae16cf0da58dd5fd823d6b9a050ea",
            "name": "nginx:alpine",
            "pull_trigger": null,
            "pull_triggers": null
          },
          "sensitive_attributes": [],
          "private": "bnVsbA=="
        }
      ]
    },
    {
      "mode": "managed",
      "type": "docker_network",
      "name": "labnet",
      "provider": "provider[\"registry.terraform.io/terraform-providers/docker\"]",
      "instances": [
        {
          "schema_version": 1,
          "attributes": {
            "attachable": false,
            "check_duplicate": null,
            "driver": "bridge",
            "id": "875b8e8be52b7ead41f825fe5719a1a6c9c633b7c0fb069033de53b374c91460",
            "ingress": false,
            "internal": false,
            "ipam_config": [
              {
                "aux_address": {},
                "gateway": "172.28.0.1",
                "ip_range": "",
                "subnet": "172.28.0.0/16"
              }
            ],
            "ipam_driver": "default",
            "ipv6": false,
            "labels": [],
            "name": "lab3b_net",
            "options": {},
            "scope": "local"
          },
          "sensitive_attributes": [],
          "private": "eyJzY2hlbWFfdmVyc2lvbiI6IjEifQ=="
        }
      ]
    }
  ],
  "check_results": null
}
